
Microsoft Visual Studio Solution File, Format Version 12.00
# Visual Studio Version 16
VisualStudioVersion = 16.0.809.6
MinimumVisualStudioVersion = 10.0.40219.1
Project("{2150E333-8FDC-42A3-9474-1A3956D46DE8}") = "Application", "Application", "{1E30E4E1-D64A-4318-82B2-360604887C8B}"
EndProject
Project("{2150E333-8FDC-42A3-9474-1A3956D46DE8}") = "Server", "Server", "{5B88B1B4-BF9A-4A9D-9547-94803E696B7F}"
EndProject
Project("{2150E333-8FDC-42A3-9474-1A3956D46DE8}") = "XF", "XF", "{A08BAC4E-B86F-43F6-AD3A-E796083597B2}"
EndProject
Project("{FAE04EC0-301F-11D3-BF4B-00C04F79EFBC}") = "App.XF", "src\App.XF\App.XF.csproj", "{DBD5DADE-0CD0-4B67-AD59-91AE0AE9EEC9}"
EndProject
Project("{FAE04EC0-301F-11D3-BF4B-00C04F79EFBC}") = "App.XF.Android", "src\App.XF.Android\App.XF.Android.csproj", "{5E3A32C2-9783-4F69-B6F9-E97DF3972A49}"
EndProject
Project("{FAE04EC0-301F-11D3-BF4B-00C04F79EFBC}") = "App.XF.iOS", "src\App.XF.iOS\App.XF.iOS.csproj", "{5DD1B7C5-AA4A-44D4-8075-EA57FA6D7E36}"
EndProject
Project("{FAE04EC0-301F-11D3-BF4B-00C04F79EFBC}") = "App.Library", "src\App.Library\App.Library.csproj", "{8226EA92-8E26-4DEC-8172-D852B27F4359}"
EndProject
Project("{FAE04EC0-301F-11D3-BF4B-00C04F79EFBC}") = "App.Library.Test", "src\App.Library.Test\App.Library.Test.csproj", "{12CFD5EE-2770-4AA1-BF37-43179AD96088}"
EndProject
Project("{FAE04EC0-301F-11D3-BF4B-00C04F79EFBC}") = "Web.Api", "src\Web.Api\Web.Api.csproj", "{AAD27BB7-C0BD-4140-B786-146879122D9C}"
EndProject
Project("{FAE04EC0-301F-11D3-BF4B-00C04F79EFBC}") = "Web.Api.Test", "src\Web.Api.Test\Web.Api.Test.csproj", "{3C538D76-233F-4B80-8FAF-B01E41DDCFC7}"
EndProject
Project("{FAE04EC0-301F-11D3-BF4B-00C04F79EFBC}") = "Web.Domain", "src\Web.Domain\Web.Domain.csproj", "{F79721C1-7B67-4149-AEE5-5571C9F41029}"
EndProject
Project("{FAE04EC0-301F-11D3-BF4B-00C04F79EFBC}") = "Web.Infrastructure", "src\Web.Infrastructure\Web.Infrastructure.csproj", "{B9A5C8B5-2250-49E8-A32C-A46C3E143BA4}"
EndProject
Project("{FAE04EC0-301F-11D3-BF4B-00C04F79EFBC}") = "Web.Infrastructure.Test", "src\Web.Infrastructure.Test\Web.Infrastructure.Test.csproj", "{DA41F634-8D68-473A-8BC2-D35EE8F8B303}"
EndProject
Project("{FAE04EC0-301F-11D3-BF4B-00C04F79EFBC}") = "Web.Domain.Test", "src\Web.Domain.Test\Web.Domain.Test.csproj", "{A99B28C9-D5E3-441B-854F-98FC84251F92}"
EndProject
Project("{FAE04EC0-301F-11D3-BF4B-00C04F79EFBC}") = "Web.Infrastructure.EfRepository", "src\Web.EfRepository\Web.Infrastructure.EfRepository.csproj", "{2D92A64F-2331-4135-944C-05E3A50766A7}"
EndProject
Project("{FAE04EC0-301F-11D3-BF4B-00C04F79EFBC}") = "Shared.Library", "src\Shared.Library\Shared.Library.csproj", "{53CD17D3-CCAE-4D94-9C34-B1AD298CE44B}"
EndProject
Project("{FAE04EC0-301F-11D3-BF4B-00C04F79EFBC}") = "Shared.Library.Test", "src\Shared.Library.Test\Shared.Library.Test.csproj", "{66B031A7-BB34-4AA6-9314-48AD436DD6C1}"
EndProject
Project("{FAE04EC0-301F-11D3-BF4B-00C04F79EFBC}") = "Web.Infrastructure.EfRepository.Test", "src\Web.EfRepository.Test\Web.Infrastructure.EfRepository.Test.csproj", "{7AA81A85-2D9C-4599-9EFE-4E985C73B7EB}"
EndProject
Global
	GlobalSection(SolutionConfigurationPlatforms) = preSolution
		Debug|Any CPU = Debug|Any CPU
		Release|Any CPU = Release|Any CPU
		Debug|iPhoneSimulator = Debug|iPhoneSimulator
		Release|iPhoneSimulator = Release|iPhoneSimulator
		Debug|iPhone = Debug|iPhone
		Release|iPhone = Release|iPhone
	EndGlobalSection
	GlobalSection(ProjectConfigurationPlatforms) = postSolution
		{DBD5DADE-0CD0-4B67-AD59-91AE0AE9EEC9}.Debug|Any CPU.ActiveCfg = Debug|Any CPU
		{DBD5DADE-0CD0-4B67-AD59-91AE0AE9EEC9}.Debug|Any CPU.Build.0 = Debug|Any CPU
		{DBD5DADE-0CD0-4B67-AD59-91AE0AE9EEC9}.Release|Any CPU.ActiveCfg = Release|Any CPU
		{DBD5DADE-0CD0-4B67-AD59-91AE0AE9EEC9}.Release|Any CPU.Build.0 = Release|Any CPU
		{DBD5DADE-0CD0-4B67-AD59-91AE0AE9EEC9}.Debug|iPhoneSimulator.ActiveCfg = Debug|Any CPU
		{DBD5DADE-0CD0-4B67-AD59-91AE0AE9EEC9}.Debug|iPhoneSimulator.Build.0 = Debug|Any CPU
		{DBD5DADE-0CD0-4B67-AD59-91AE0AE9EEC9}.Release|iPhoneSimulator.ActiveCfg = Release|Any CPU
		{DBD5DADE-0CD0-4B67-AD59-91AE0AE9EEC9}.Release|iPhoneSimulator.Build.0 = Release|Any CPU
		{DBD5DADE-0CD0-4B67-AD59-91AE0AE9EEC9}.Debug|iPhone.ActiveCfg = Debug|Any CPU
		{DBD5DADE-0CD0-4B67-AD59-91AE0AE9EEC9}.Debug|iPhone.Build.0 = Debug|Any CPU
		{DBD5DADE-0CD0-4B67-AD59-91AE0AE9EEC9}.Release|iPhone.ActiveCfg = Release|Any CPU
		{DBD5DADE-0CD0-4B67-AD59-91AE0AE9EEC9}.Release|iPhone.Build.0 = Release|Any CPU
		{5E3A32C2-9783-4F69-B6F9-E97DF3972A49}.Debug|Any CPU.ActiveCfg = Debug|Any CPU
		{5E3A32C2-9783-4F69-B6F9-E97DF3972A49}.Debug|Any CPU.Build.0 = Debug|Any CPU
		{5E3A32C2-9783-4F69-B6F9-E97DF3972A49}.Release|Any CPU.ActiveCfg = Release|Any CPU
		{5E3A32C2-9783-4F69-B6F9-E97DF3972A49}.Release|Any CPU.Build.0 = Release|Any CPU
		{5E3A32C2-9783-4F69-B6F9-E97DF3972A49}.Debug|iPhoneSimulator.ActiveCfg = Debug|Any CPU
		{5E3A32C2-9783-4F69-B6F9-E97DF3972A49}.Debug|iPhoneSimulator.Build.0 = Debug|Any CPU
		{5E3A32C2-9783-4F69-B6F9-E97DF3972A49}.Release|iPhoneSimulator.ActiveCfg = Release|Any CPU
		{5E3A32C2-9783-4F69-B6F9-E97DF3972A49}.Release|iPhoneSimulator.Build.0 = Release|Any CPU
		{5E3A32C2-9783-4F69-B6F9-E97DF3972A49}.Debug|iPhone.ActiveCfg = Debug|Any CPU
		{5E3A32C2-9783-4F69-B6F9-E97DF3972A49}.Debug|iPhone.Build.0 = Debug|Any CPU
		{5E3A32C2-9783-4F69-B6F9-E97DF3972A49}.Release|iPhone.ActiveCfg = Release|Any CPU
		{5E3A32C2-9783-4F69-B6F9-E97DF3972A49}.Release|iPhone.Build.0 = Release|Any CPU
		{5DD1B7C5-AA4A-44D4-8075-EA57FA6D7E36}.Debug|Any CPU.ActiveCfg = Debug|iPhoneSimulator
		{5DD1B7C5-AA4A-44D4-8075-EA57FA6D7E36}.Debug|Any CPU.Build.0 = Debug|iPhoneSimulator
		{5DD1B7C5-AA4A-44D4-8075-EA57FA6D7E36}.Release|Any CPU.ActiveCfg = Release|iPhoneSimulator
		{5DD1B7C5-AA4A-44D4-8075-EA57FA6D7E36}.Release|Any CPU.Build.0 = Release|iPhoneSimulator
		{5DD1B7C5-AA4A-44D4-8075-EA57FA6D7E36}.Debug|iPhoneSimulator.ActiveCfg = Debug|iPhoneSimulator
		{5DD1B7C5-AA4A-44D4-8075-EA57FA6D7E36}.Debug|iPhoneSimulator.Build.0 = Debug|iPhoneSimulator
		{5DD1B7C5-AA4A-44D4-8075-EA57FA6D7E36}.Release|iPhoneSimulator.ActiveCfg = Release|iPhoneSimulator
		{5DD1B7C5-AA4A-44D4-8075-EA57FA6D7E36}.Release|iPhoneSimulator.Build.0 = Release|iPhoneSimulator
		{5DD1B7C5-AA4A-44D4-8075-EA57FA6D7E36}.Debug|iPhone.ActiveCfg = Debug|iPhone
		{5DD1B7C5-AA4A-44D4-8075-EA57FA6D7E36}.Debug|iPhone.Build.0 = Debug|iPhone
		{5DD1B7C5-AA4A-44D4-8075-EA57FA6D7E36}.Release|iPhone.ActiveCfg = Release|iPhone
		{5DD1B7C5-AA4A-44D4-8075-EA57FA6D7E36}.Release|iPhone.Build.0 = Release|iPhone
		{8226EA92-8E26-4DEC-8172-D852B27F4359}.Debug|Any CPU.ActiveCfg = Debug|Any CPU
		{8226EA92-8E26-4DEC-8172-D852B27F4359}.Debug|Any CPU.Build.0 = Debug|Any CPU
		{8226EA92-8E26-4DEC-8172-D852B27F4359}.Release|Any CPU.ActiveCfg = Release|Any CPU
		{8226EA92-8E26-4DEC-8172-D852B27F4359}.Release|Any CPU.Build.0 = Release|Any CPU
		{8226EA92-8E26-4DEC-8172-D852B27F4359}.Debug|iPhoneSimulator.ActiveCfg = Debug|Any CPU
		{8226EA92-8E26-4DEC-8172-D852B27F4359}.Debug|iPhoneSimulator.Build.0 = Debug|Any CPU
		{8226EA92-8E26-4DEC-8172-D852B27F4359}.Release|iPhoneSimulator.ActiveCfg = Release|Any CPU
		{8226EA92-8E26-4DEC-8172-D852B27F4359}.Release|iPhoneSimulator.Build.0 = Release|Any CPU
		{8226EA92-8E26-4DEC-8172-D852B27F4359}.Debug|iPhone.ActiveCfg = Debug|Any CPU
		{8226EA92-8E26-4DEC-8172-D852B27F4359}.Debug|iPhone.Build.0 = Debug|Any CPU
		{8226EA92-8E26-4DEC-8172-D852B27F4359}.Release|iPhone.ActiveCfg = Release|Any CPU
		{8226EA92-8E26-4DEC-8172-D852B27F4359}.Release|iPhone.Build.0 = Release|Any CPU
		{12CFD5EE-2770-4AA1-BF37-43179AD96088}.Debug|Any CPU.ActiveCfg = Debug|Any CPU
		{12CFD5EE-2770-4AA1-BF37-43179AD96088}.Debug|Any CPU.Build.0 = Debug|Any CPU
		{12CFD5EE-2770-4AA1-BF37-43179AD96088}.Release|Any CPU.ActiveCfg = Release|Any CPU
		{12CFD5EE-2770-4AA1-BF37-43179AD96088}.Release|Any CPU.Build.0 = Release|Any CPU
		{12CFD5EE-2770-4AA1-BF37-43179AD96088}.Debug|iPhoneSimulator.ActiveCfg = Debug|Any CPU
		{12CFD5EE-2770-4AA1-BF37-43179AD96088}.Debug|iPhoneSimulator.Build.0 = Debug|Any CPU
		{12CFD5EE-2770-4AA1-BF37-43179AD96088}.Release|iPhoneSimulator.ActiveCfg = Release|Any CPU
		{12CFD5EE-2770-4AA1-BF37-43179AD96088}.Release|iPhoneSimulator.Build.0 = Release|Any CPU
		{12CFD5EE-2770-4AA1-BF37-43179AD96088}.Debug|iPhone.ActiveCfg = Debug|Any CPU
		{12CFD5EE-2770-4AA1-BF37-43179AD96088}.Debug|iPhone.Build.0 = Debug|Any CPU
		{12CFD5EE-2770-4AA1-BF37-43179AD96088}.Release|iPhone.ActiveCfg = Release|Any CPU
		{12CFD5EE-2770-4AA1-BF37-43179AD96088}.Release|iPhone.Build.0 = Release|Any CPU
		{AAD27BB7-C0BD-4140-B786-146879122D9C}.Debug|Any CPU.ActiveCfg = Debug|Any CPU
		{AAD27BB7-C0BD-4140-B786-146879122D9C}.Debug|Any CPU.Build.0 = Debug|Any CPU
		{AAD27BB7-C0BD-4140-B786-146879122D9C}.Release|Any CPU.ActiveCfg = Release|Any CPU
		{AAD27BB7-C0BD-4140-B786-146879122D9C}.Release|Any CPU.Build.0 = Release|Any CPU
		{AAD27BB7-C0BD-4140-B786-146879122D9C}.Debug|iPhoneSimulator.ActiveCfg = Debug|Any CPU
		{AAD27BB7-C0BD-4140-B786-146879122D9C}.Debug|iPhoneSimulator.Build.0 = Debug|Any CPU
		{AAD27BB7-C0BD-4140-B786-146879122D9C}.Release|iPhoneSimulator.ActiveCfg = Release|Any CPU
		{AAD27BB7-C0BD-4140-B786-146879122D9C}.Release|iPhoneSimulator.Build.0 = Release|Any CPU
		{AAD27BB7-C0BD-4140-B786-146879122D9C}.Debug|iPhone.ActiveCfg = Debug|Any CPU
		{AAD27BB7-C0BD-4140-B786-146879122D9C}.Debug|iPhone.Build.0 = Debug|Any CPU
		{AAD27BB7-C0BD-4140-B786-146879122D9C}.Release|iPhone.ActiveCfg = Release|Any CPU
		{AAD27BB7-C0BD-4140-B786-146879122D9C}.Release|iPhone.Build.0 = Release|Any CPU
		{3C538D76-233F-4B80-8FAF-B01E41DDCFC7}.Debug|Any CPU.ActiveCfg = Debug|Any CPU
		{3C538D76-233F-4B80-8FAF-B01E41DDCFC7}.Debug|Any CPU.Build.0 = Debug|Any CPU
		{3C538D76-233F-4B80-8FAF-B01E41DDCFC7}.Release|Any CPU.ActiveCfg = Release|Any CPU
		{3C538D76-233F-4B80-8FAF-B01E41DDCFC7}.Release|Any CPU.Build.0 = Release|Any CPU
		{3C538D76-233F-4B80-8FAF-B01E41DDCFC7}.Debug|iPhoneSimulator.ActiveCfg = Debug|Any CPU
		{3C538D76-233F-4B80-8FAF-B01E41DDCFC7}.Debug|iPhoneSimulator.Build.0 = Debug|Any CPU
		{3C538D76-233F-4B80-8FAF-B01E41DDCFC7}.Release|iPhoneSimulator.ActiveCfg = Release|Any CPU
		{3C538D76-233F-4B80-8FAF-B01E41DDCFC7}.Release|iPhoneSimulator.Build.0 = Release|Any CPU
		{3C538D76-233F-4B80-8FAF-B01E41DDCFC7}.Debug|iPhone.ActiveCfg = Debug|Any CPU
		{3C538D76-233F-4B80-8FAF-B01E41DDCFC7}.Debug|iPhone.Build.0 = Debug|Any CPU
		{3C538D76-233F-4B80-8FAF-B01E41DDCFC7}.Release|iPhone.ActiveCfg = Release|Any CPU
		{3C538D76-233F-4B80-8FAF-B01E41DDCFC7}.Release|iPhone.Build.0 = Release|Any CPU
		{F79721C1-7B67-4149-AEE5-5571C9F41029}.Debug|Any CPU.ActiveCfg = Debug|Any CPU
		{F79721C1-7B67-4149-AEE5-5571C9F41029}.Debug|Any CPU.Build.0 = Debug|Any CPU
		{F79721C1-7B67-4149-AEE5-5571C9F41029}.Release|Any CPU.ActiveCfg = Release|Any CPU
		{F79721C1-7B67-4149-AEE5-5571C9F41029}.Release|Any CPU.Build.0 = Release|Any CPU
		{F79721C1-7B67-4149-AEE5-5571C9F41029}.Debug|iPhoneSimulator.ActiveCfg = Debug|Any CPU
		{F79721C1-7B67-4149-AEE5-5571C9F41029}.Debug|iPhoneSimulator.Build.0 = Debug|Any CPU
		{F79721C1-7B67-4149-AEE5-5571C9F41029}.Release|iPhoneSimulator.ActiveCfg = Release|Any CPU
		{F79721C1-7B67-4149-AEE5-5571C9F41029}.Release|iPhoneSimulator.Build.0 = Release|Any CPU
		{F79721C1-7B67-4149-AEE5-5571C9F41029}.Debug|iPhone.ActiveCfg = Debug|Any CPU
		{F79721C1-7B67-4149-AEE5-5571C9F41029}.Debug|iPhone.Build.0 = Debug|Any CPU
		{F79721C1-7B67-4149-AEE5-5571C9F41029}.Release|iPhone.ActiveCfg = Release|Any CPU
		{F79721C1-7B67-4149-AEE5-5571C9F41029}.Release|iPhone.Build.0 = Release|Any CPU
		{B9A5C8B5-2250-49E8-A32C-A46C3E143BA4}.Debug|Any CPU.ActiveCfg = Debug|Any CPU
		{B9A5C8B5-2250-49E8-A32C-A46C3E143BA4}.Debug|Any CPU.Build.0 = Debug|Any CPU
		{B9A5C8B5-2250-49E8-A32C-A46C3E143BA4}.Release|Any CPU.ActiveCfg = Release|Any CPU
		{B9A5C8B5-2250-49E8-A32C-A46C3E143BA4}.Release|Any CPU.Build.0 = Release|Any CPU
		{B9A5C8B5-2250-49E8-A32C-A46C3E143BA4}.Debug|iPhoneSimulator.ActiveCfg = Debug|Any CPU
		{B9A5C8B5-2250-49E8-A32C-A46C3E143BA4}.Debug|iPhoneSimulator.Build.0 = Debug|Any CPU
		{B9A5C8B5-2250-49E8-A32C-A46C3E143BA4}.Release|iPhoneSimulator.ActiveCfg = Release|Any CPU
		{B9A5C8B5-2250-49E8-A32C-A46C3E143BA4}.Release|iPhoneSimulator.Build.0 = Release|Any CPU
		{B9A5C8B5-2250-49E8-A32C-A46C3E143BA4}.Debug|iPhone.ActiveCfg = Debug|Any CPU
		{B9A5C8B5-2250-49E8-A32C-A46C3E143BA4}.Debug|iPhone.Build.0 = Debug|Any CPU
		{B9A5C8B5-2250-49E8-A32C-A46C3E143BA4}.Release|iPhone.ActiveCfg = Release|Any CPU
		{B9A5C8B5-2250-49E8-A32C-A46C3E143BA4}.Release|iPhone.Build.0 = Release|Any CPU
		{DA41F634-8D68-473A-8BC2-D35EE8F8B303}.Debug|Any CPU.ActiveCfg = Debug|Any CPU
		{DA41F634-8D68-473A-8BC2-D35EE8F8B303}.Debug|Any CPU.Build.0 = Debug|Any CPU
		{DA41F634-8D68-473A-8BC2-D35EE8F8B303}.Release|Any CPU.ActiveCfg = Release|Any CPU
		{DA41F634-8D68-473A-8BC2-D35EE8F8B303}.Release|Any CPU.Build.0 = Release|Any CPU
		{DA41F634-8D68-473A-8BC2-D35EE8F8B303}.Debug|iPhoneSimulator.ActiveCfg = Debug|Any CPU
		{DA41F634-8D68-473A-8BC2-D35EE8F8B303}.Debug|iPhoneSimulator.Build.0 = Debug|Any CPU
		{DA41F634-8D68-473A-8BC2-D35EE8F8B303}.Release|iPhoneSimulator.ActiveCfg = Release|Any CPU
		{DA41F634-8D68-473A-8BC2-D35EE8F8B303}.Release|iPhoneSimulator.Build.0 = Release|Any CPU
		{DA41F634-8D68-473A-8BC2-D35EE8F8B303}.Debug|iPhone.ActiveCfg = Debug|Any CPU
		{DA41F634-8D68-473A-8BC2-D35EE8F8B303}.Debug|iPhone.Build.0 = Debug|Any CPU
		{DA41F634-8D68-473A-8BC2-D35EE8F8B303}.Release|iPhone.ActiveCfg = Release|Any CPU
		{DA41F634-8D68-473A-8BC2-D35EE8F8B303}.Release|iPhone.Build.0 = Release|Any CPU
		{A99B28C9-D5E3-441B-854F-98FC84251F92}.Debug|Any CPU.ActiveCfg = Debug|Any CPU
		{A99B28C9-D5E3-441B-854F-98FC84251F92}.Debug|Any CPU.Build.0 = Debug|Any CPU
		{A99B28C9-D5E3-441B-854F-98FC84251F92}.Release|Any CPU.ActiveCfg = Release|Any CPU
		{A99B28C9-D5E3-441B-854F-98FC84251F92}.Release|Any CPU.Build.0 = Release|Any CPU
		{A99B28C9-D5E3-441B-854F-98FC84251F92}.Debug|iPhoneSimulator.ActiveCfg = Debug|Any CPU
		{A99B28C9-D5E3-441B-854F-98FC84251F92}.Debug|iPhoneSimulator.Build.0 = Debug|Any CPU
		{A99B28C9-D5E3-441B-854F-98FC84251F92}.Release|iPhoneSimulator.ActiveCfg = Release|Any CPU
		{A99B28C9-D5E3-441B-854F-98FC84251F92}.Release|iPhoneSimulator.Build.0 = Release|Any CPU
		{A99B28C9-D5E3-441B-854F-98FC84251F92}.Debug|iPhone.ActiveCfg = Debug|Any CPU
		{A99B28C9-D5E3-441B-854F-98FC84251F92}.Debug|iPhone.Build.0 = Debug|Any CPU
		{A99B28C9-D5E3-441B-854F-98FC84251F92}.Release|iPhone.ActiveCfg = Release|Any CPU
		{A99B28C9-D5E3-441B-854F-98FC84251F92}.Release|iPhone.Build.0 = Release|Any CPU
		{2D92A64F-2331-4135-944C-05E3A50766A7}.Debug|Any CPU.ActiveCfg = Debug|Any CPU
		{2D92A64F-2331-4135-944C-05E3A50766A7}.Debug|Any CPU.Build.0 = Debug|Any CPU
		{2D92A64F-2331-4135-944C-05E3A50766A7}.Release|Any CPU.ActiveCfg = Release|Any CPU
		{2D92A64F-2331-4135-944C-05E3A50766A7}.Release|Any CPU.Build.0 = Release|Any CPU
		{2D92A64F-2331-4135-944C-05E3A50766A7}.Debug|iPhoneSimulator.ActiveCfg = Debug|Any CPU
		{2D92A64F-2331-4135-944C-05E3A50766A7}.Debug|iPhoneSimulator.Build.0 = Debug|Any CPU
		{2D92A64F-2331-4135-944C-05E3A50766A7}.Release|iPhoneSimulator.ActiveCfg = Release|Any CPU
		{2D92A64F-2331-4135-944C-05E3A50766A7}.Release|iPhoneSimulator.Build.0 = Release|Any CPU
		{2D92A64F-2331-4135-944C-05E3A50766A7}.Debug|iPhone.ActiveCfg = Debug|Any CPU
		{2D92A64F-2331-4135-944C-05E3A50766A7}.Debug|iPhone.Build.0 = Debug|Any CPU
		{2D92A64F-2331-4135-944C-05E3A50766A7}.Release|iPhone.ActiveCfg = Release|Any CPU
		{2D92A64F-2331-4135-944C-05E3A50766A7}.Release|iPhone.Build.0 = Release|Any CPU
		{53CD17D3-CCAE-4D94-9C34-B1AD298CE44B}.Debug|Any CPU.ActiveCfg = Debug|Any CPU
		{53CD17D3-CCAE-4D94-9C34-B1AD298CE44B}.Debug|Any CPU.Build.0 = Debug|Any CPU
		{53CD17D3-CCAE-4D94-9C34-B1AD298CE44B}.Release|Any CPU.ActiveCfg = Release|Any CPU
		{53CD17D3-CCAE-4D94-9C34-B1AD298CE44B}.Release|Any CPU.Build.0 = Release|Any CPU
		{53CD17D3-CCAE-4D94-9C34-B1AD298CE44B}.Debug|iPhoneSimulator.ActiveCfg = Debug|Any CPU
		{53CD17D3-CCAE-4D94-9C34-B1AD298CE44B}.Debug|iPhoneSimulator.Build.0 = Debug|Any CPU
		{53CD17D3-CCAE-4D94-9C34-B1AD298CE44B}.Release|iPhoneSimulator.ActiveCfg = Release|Any CPU
		{53CD17D3-CCAE-4D94-9C34-B1AD298CE44B}.Release|iPhoneSimulator.Build.0 = Release|Any CPU
		{53CD17D3-CCAE-4D94-9C34-B1AD298CE44B}.Debug|iPhone.ActiveCfg = Debug|Any CPU
		{53CD17D3-CCAE-4D94-9C34-B1AD298CE44B}.Debug|iPhone.Build.0 = Debug|Any CPU
		{53CD17D3-CCAE-4D94-9C34-B1AD298CE44B}.Release|iPhone.ActiveCfg = Release|Any CPU
		{53CD17D3-CCAE-4D94-9C34-B1AD298CE44B}.Release|iPhone.Build.0 = Release|Any CPU
		{66B031A7-BB34-4AA6-9314-48AD436DD6C1}.Debug|Any CPU.ActiveCfg = Debug|Any CPU
		{66B031A7-BB34-4AA6-9314-48AD436DD6C1}.Debug|Any CPU.Build.0 = Debug|Any CPU
		{66B031A7-BB34-4AA6-9314-48AD436DD6C1}.Release|Any CPU.ActiveCfg = Release|Any CPU
		{66B031A7-BB34-4AA6-9314-48AD436DD6C1}.Release|Any CPU.Build.0 = Release|Any CPU
		{66B031A7-BB34-4AA6-9314-48AD436DD6C1}.Debug|iPhoneSimulator.ActiveCfg = Debug|Any CPU
		{66B031A7-BB34-4AA6-9314-48AD436DD6C1}.Debug|iPhoneSimulator.Build.0 = Debug|Any CPU
		{66B031A7-BB34-4AA6-9314-48AD436DD6C1}.Release|iPhoneSimulator.ActiveCfg = Release|Any CPU
		{66B031A7-BB34-4AA6-9314-48AD436DD6C1}.Release|iPhoneSimulator.Build.0 = Release|Any CPU
		{66B031A7-BB34-4AA6-9314-48AD436DD6C1}.Debug|iPhone.ActiveCfg = Debug|Any CPU
		{66B031A7-BB34-4AA6-9314-48AD436DD6C1}.Debug|iPhone.Build.0 = Debug|Any CPU
		{66B031A7-BB34-4AA6-9314-48AD436DD6C1}.Release|iPhone.ActiveCfg = Release|Any CPU
		{66B031A7-BB34-4AA6-9314-48AD436DD6C1}.Release|iPhone.Build.0 = Release|Any CPU
		{7AA81A85-2D9C-4599-9EFE-4E985C73B7EB}.Debug|Any CPU.ActiveCfg = Debug|Any CPU
		{7AA81A85-2D9C-4599-9EFE-4E985C73B7EB}.Debug|Any CPU.Build.0 = Debug|Any CPU
		{7AA81A85-2D9C-4599-9EFE-4E985C73B7EB}.Release|Any CPU.ActiveCfg = Release|Any CPU
		{7AA81A85-2D9C-4599-9EFE-4E985C73B7EB}.Release|Any CPU.Build.0 = Release|Any CPU
		{7AA81A85-2D9C-4599-9EFE-4E985C73B7EB}.Debug|iPhoneSimulator.ActiveCfg = Debug|Any CPU
		{7AA81A85-2D9C-4599-9EFE-4E985C73B7EB}.Debug|iPhoneSimulator.Build.0 = Debug|Any CPU
		{7AA81A85-2D9C-4599-9EFE-4E985C73B7EB}.Release|iPhoneSimulator.ActiveCfg = Release|Any CPU
		{7AA81A85-2D9C-4599-9EFE-4E985C73B7EB}.Release|iPhoneSimulator.Build.0 = Release|Any CPU
		{7AA81A85-2D9C-4599-9EFE-4E985C73B7EB}.Debug|iPhone.ActiveCfg = Debug|Any CPU
		{7AA81A85-2D9C-4599-9EFE-4E985C73B7EB}.Debug|iPhone.Build.0 = Debug|Any CPU
		{7AA81A85-2D9C-4599-9EFE-4E985C73B7EB}.Release|iPhone.ActiveCfg = Release|Any CPU
		{7AA81A85-2D9C-4599-9EFE-4E985C73B7EB}.Release|iPhone.Build.0 = Release|Any CPU
	EndGlobalSection
	GlobalSection(SolutionProperties) = preSolution
		HideSolutionNode = FALSE
	EndGlobalSection
	GlobalSection(ExtensibilityGlobals) = postSolution
		SolutionGuid = {1B02F7C0-8D70-43F5-A6E3-0BD375075B47}
	EndGlobalSection
	GlobalSection(NestedProjects) = preSolution
		{A08BAC4E-B86F-43F6-AD3A-E796083597B2} = {1E30E4E1-D64A-4318-82B2-360604887C8B}
		{DBD5DADE-0CD0-4B67-AD59-91AE0AE9EEC9} = {A08BAC4E-B86F-43F6-AD3A-E796083597B2}
		{5E3A32C2-9783-4F69-B6F9-E97DF3972A49} = {A08BAC4E-B86F-43F6-AD3A-E796083597B2}
		{5DD1B7C5-AA4A-44D4-8075-EA57FA6D7E36} = {A08BAC4E-B86F-43F6-AD3A-E796083597B2}
		{8226EA92-8E26-4DEC-8172-D852B27F4359} = {1E30E4E1-D64A-4318-82B2-360604887C8B}
		{12CFD5EE-2770-4AA1-BF37-43179AD96088} = {1E30E4E1-D64A-4318-82B2-360604887C8B}
		{AAD27BB7-C0BD-4140-B786-146879122D9C} = {5B88B1B4-BF9A-4A9D-9547-94803E696B7F}
		{3C538D76-233F-4B80-8FAF-B01E41DDCFC7} = {5B88B1B4-BF9A-4A9D-9547-94803E696B7F}
		{F79721C1-7B67-4149-AEE5-5571C9F41029} = {5B88B1B4-BF9A-4A9D-9547-94803E696B7F}
		{B9A5C8B5-2250-49E8-A32C-A46C3E143BA4} = {5B88B1B4-BF9A-4A9D-9547-94803E696B7F}
		{DA41F634-8D68-473A-8BC2-D35EE8F8B303} = {5B88B1B4-BF9A-4A9D-9547-94803E696B7F}
		{A99B28C9-D5E3-441B-854F-98FC84251F92} = {5B88B1B4-BF9A-4A9D-9547-94803E696B7F}
		{2D92A64F-2331-4135-944C-05E3A50766A7} = {5B88B1B4-BF9A-4A9D-9547-94803E696B7F}
		{7AA81A85-2D9C-4599-9EFE-4E985C73B7EB} = {5B88B1B4-BF9A-4A9D-9547-94803E696B7F}
	EndGlobalSection
EndGlobal
