
Microsoft Visual Studio Solution File, Format Version 12.00
# Visual Studio Version 16
VisualStudioVersion = 16.0.809.6
MinimumVisualStudioVersion = 10.0.40219.1
Project("{2150E333-8FDC-42A3-9474-1A3956D46DE8}") = "Application", "Application", "{1E30E4E1-D64A-4318-82B2-360604887C8B}"
EndProject
Project("{2150E333-8FDC-42A3-9474-1A3956D46DE8}") = "Server", "Server", "{5B88B1B4-BF9A-4A9D-9547-94803E696B7F}"
EndProject
Project("{2150E333-8FDC-42A3-9474-1A3956D46DE8}") = "XF", "XF", "{A08BAC4E-B86F-43F6-AD3A-E796083597B2}"
EndProject
Project("{FAE04EC0-301F-11D3-BF4B-00C04F79EFBC}") = "App.XF", "src\App.XF\App.XF.csproj", "{DBD5DADE-0CD0-4B67-AD59-91AE0AE9EEC9}"
EndProject
Project("{FAE04EC0-301F-11D3-BF4B-00C04F79EFBC}") = "App.XF.Android", "src\App.XF.Android\App.XF.Android.csproj", "{5E3A32C2-9783-4F69-B6F9-E97DF3972A49}"
EndProject
Project("{FAE04EC0-301F-11D3-BF4B-00C04F79EFBC}") = "App.XF.iOS", "src\App.XF.iOS\App.XF.iOS.csproj", "{5DD1B7C5-AA4A-44D4-8075-EA57FA6D7E36}"
EndProject
Project("{FAE04EC0-301F-11D3-BF4B-00C04F79EFBC}") = "App.Library", "src\App.Library\App.Library.csproj", "{8226EA92-8E26-4DEC-8172-D852B27F4359}"
EndProject
Project("{FAE04EC0-301F-11D3-BF4B-00C04F79EFBC}") = "App.Library.Test", "src\App.Library.Test\App.Library.Test.csproj", "{12CFD5EE-2770-4AA1-BF37-43179AD96088}"
EndProject
Project("{FAE04EC0-301F-11D3-BF4B-00C04F79EFBC}") = "Web.Api", "src\Web.Api\Web.Api.csproj", "{AAD27BB7-C0BD-4140-B786-146879122D9C}"
EndProject
Project("{FAE04EC0-301F-11D3-BF4B-00C04F79EFBC}") = "Web.Api.Test", "src\Web.Api.Test\Web.Api.Test.csproj", "{3C538D76-233F-4B80-8FAF-B01E41DDCFC7}"
EndProject
Project("{FAE04EC0-301F-11D3-BF4B-00C04F79EFBC}") = "SharedKernel", "src\Shared.Library\SharedKernel.csproj", "{53CD17D3-CCAE-4D94-9C34-B1AD298CE44B}"
EndProject
Project("{FAE04EC0-301F-11D3-BF4B-00C04F79EFBC}") = "SharedKernel.Test", "src\Shared.Library.Test\SharedKernel.Test.csproj", "{66B031A7-BB34-4AA6-9314-48AD436DD6C1}"
EndProject
Project("{2150E333-8FDC-42A3-9474-1A3956D46DE8}") = "Core", "Core", "{B1C85AF1-1E24-4AFD-A8BB-4DFDCFE0E248}"
EndProject
Project("{2150E333-8FDC-42A3-9474-1A3956D46DE8}") = "Infrastructure", "Infrastructure", "{48493D9C-3B33-431E-931F-DA99EF23EB2C}"
EndProject
Project("{2150E333-8FDC-42A3-9474-1A3956D46DE8}") = "Presentation", "Presentation", "{1C7071FD-5A65-44CB-836C-A8F39E3A5A4A}"
EndProject
Project("{2150E333-8FDC-42A3-9474-1A3956D46DE8}") = "Shared", "Shared", "{20D62DF5-1C80-4D46-9F0C-12AA2554E707}"
EndProject
Project("{FAE04EC0-301F-11D3-BF4B-00C04F79EFBC}") = "Application", "src\Server.Application\Application.csproj", "{E95CC0D9-9851-4697-ACDA-5E64AE0C3D3D}"
EndProject
Project("{FAE04EC0-301F-11D3-BF4B-00C04F79EFBC}") = "Domain", "src\Server.Domain\Domain.csproj", "{4AB11E63-AAD5-487B-AC85-9AB0BEE904C6}"
EndProject
Project("{FAE04EC0-301F-11D3-BF4B-00C04F79EFBC}") = "Domain.Test", "src\Server.Domain.Test\Domain.Test.csproj", "{B771C009-64AF-4CB2-9F54-04A286A6EE3B}"
EndProject
Project("{FAE04EC0-301F-11D3-BF4B-00C04F79EFBC}") = "Infrastructure", "src\Server.Infrastructure\Infrastructure.csproj", "{2F6C77FD-6BF1-4A48-92AA-C07769151BFF}"
EndProject
Project("{FAE04EC0-301F-11D3-BF4B-00C04F79EFBC}") = "Persistence", "src\Server.Presestance\Persistence.csproj", "{FC83CBB8-10A3-458D-AB4A-631D9A5DA089}"
EndProject
Project("{FAE04EC0-301F-11D3-BF4B-00C04F79EFBC}") = "Infrastructure.Test", "src\Server.Infrastructure.Test\Infrastructure.Test.csproj", "{A6B5926F-EAB8-4CA0-A5AD-A5BDDF0DB83B}"
EndProject
Project("{FAE04EC0-301F-11D3-BF4B-00C04F79EFBC}") = "Persistence.Test", "src\Server.Presestance.Test\Persistence.Test.csproj", "{1B0C04C6-E21B-4899-B47D-8724EB6DF445}"
EndProject
Project("{FAE04EC0-301F-11D3-BF4B-00C04F79EFBC}") = "Application.Test", "src\Server.Application.Test\Application.Test.csproj", "{F6F07FA0-8509-4FE8-93F9-C7261EA0A6B4}"
EndProject
Global
	GlobalSection(SolutionConfigurationPlatforms) = preSolution
		Debug|Any CPU = Debug|Any CPU
		Release|Any CPU = Release|Any CPU
		Debug|iPhoneSimulator = Debug|iPhoneSimulator
		Release|iPhoneSimulator = Release|iPhoneSimulator
		Debug|iPhone = Debug|iPhone
		Release|iPhone = Release|iPhone
	EndGlobalSection
	GlobalSection(ProjectConfigurationPlatforms) = postSolution
		{DBD5DADE-0CD0-4B67-AD59-91AE0AE9EEC9}.Debug|Any CPU.ActiveCfg = Debug|Any CPU
		{DBD5DADE-0CD0-4B67-AD59-91AE0AE9EEC9}.Debug|Any CPU.Build.0 = Debug|Any CPU
		{DBD5DADE-0CD0-4B67-AD59-91AE0AE9EEC9}.Release|Any CPU.ActiveCfg = Release|Any CPU
		{DBD5DADE-0CD0-4B67-AD59-91AE0AE9EEC9}.Release|Any CPU.Build.0 = Release|Any CPU
		{DBD5DADE-0CD0-4B67-AD59-91AE0AE9EEC9}.Debug|iPhoneSimulator.ActiveCfg = Debug|Any CPU
		{DBD5DADE-0CD0-4B67-AD59-91AE0AE9EEC9}.Debug|iPhoneSimulator.Build.0 = Debug|Any CPU
		{DBD5DADE-0CD0-4B67-AD59-91AE0AE9EEC9}.Release|iPhoneSimulator.ActiveCfg = Release|Any CPU
		{DBD5DADE-0CD0-4B67-AD59-91AE0AE9EEC9}.Release|iPhoneSimulator.Build.0 = Release|Any CPU
		{DBD5DADE-0CD0-4B67-AD59-91AE0AE9EEC9}.Debug|iPhone.ActiveCfg = Debug|Any CPU
		{DBD5DADE-0CD0-4B67-AD59-91AE0AE9EEC9}.Debug|iPhone.Build.0 = Debug|Any CPU
		{DBD5DADE-0CD0-4B67-AD59-91AE0AE9EEC9}.Release|iPhone.ActiveCfg = Release|Any CPU
		{DBD5DADE-0CD0-4B67-AD59-91AE0AE9EEC9}.Release|iPhone.Build.0 = Release|Any CPU
		{5E3A32C2-9783-4F69-B6F9-E97DF3972A49}.Debug|Any CPU.ActiveCfg = Debug|Any CPU
		{5E3A32C2-9783-4F69-B6F9-E97DF3972A49}.Debug|Any CPU.Build.0 = Debug|Any CPU
		{5E3A32C2-9783-4F69-B6F9-E97DF3972A49}.Release|Any CPU.ActiveCfg = Release|Any CPU
		{5E3A32C2-9783-4F69-B6F9-E97DF3972A49}.Release|Any CPU.Build.0 = Release|Any CPU
		{5E3A32C2-9783-4F69-B6F9-E97DF3972A49}.Debug|iPhoneSimulator.ActiveCfg = Debug|Any CPU
		{5E3A32C2-9783-4F69-B6F9-E97DF3972A49}.Debug|iPhoneSimulator.Build.0 = Debug|Any CPU
		{5E3A32C2-9783-4F69-B6F9-E97DF3972A49}.Release|iPhoneSimulator.ActiveCfg = Release|Any CPU
		{5E3A32C2-9783-4F69-B6F9-E97DF3972A49}.Release|iPhoneSimulator.Build.0 = Release|Any CPU
		{5E3A32C2-9783-4F69-B6F9-E97DF3972A49}.Debug|iPhone.ActiveCfg = Debug|Any CPU
		{5E3A32C2-9783-4F69-B6F9-E97DF3972A49}.Debug|iPhone.Build.0 = Debug|Any CPU
		{5E3A32C2-9783-4F69-B6F9-E97DF3972A49}.Release|iPhone.ActiveCfg = Release|Any CPU
		{5E3A32C2-9783-4F69-B6F9-E97DF3972A49}.Release|iPhone.Build.0 = Release|Any CPU
		{5DD1B7C5-AA4A-44D4-8075-EA57FA6D7E36}.Debug|Any CPU.ActiveCfg = Debug|iPhoneSimulator
		{5DD1B7C5-AA4A-44D4-8075-EA57FA6D7E36}.Debug|Any CPU.Build.0 = Debug|iPhoneSimulator
		{5DD1B7C5-AA4A-44D4-8075-EA57FA6D7E36}.Release|Any CPU.ActiveCfg = Release|iPhoneSimulator
		{5DD1B7C5-AA4A-44D4-8075-EA57FA6D7E36}.Release|Any CPU.Build.0 = Release|iPhoneSimulator
		{5DD1B7C5-AA4A-44D4-8075-EA57FA6D7E36}.Debug|iPhoneSimulator.ActiveCfg = Debug|iPhoneSimulator
		{5DD1B7C5-AA4A-44D4-8075-EA57FA6D7E36}.Debug|iPhoneSimulator.Build.0 = Debug|iPhoneSimulator
		{5DD1B7C5-AA4A-44D4-8075-EA57FA6D7E36}.Release|iPhoneSimulator.ActiveCfg = Release|iPhoneSimulator
		{5DD1B7C5-AA4A-44D4-8075-EA57FA6D7E36}.Release|iPhoneSimulator.Build.0 = Release|iPhoneSimulator
		{5DD1B7C5-AA4A-44D4-8075-EA57FA6D7E36}.Debug|iPhone.ActiveCfg = Debug|iPhone
		{5DD1B7C5-AA4A-44D4-8075-EA57FA6D7E36}.Debug|iPhone.Build.0 = Debug|iPhone
		{5DD1B7C5-AA4A-44D4-8075-EA57FA6D7E36}.Release|iPhone.ActiveCfg = Release|iPhone
		{5DD1B7C5-AA4A-44D4-8075-EA57FA6D7E36}.Release|iPhone.Build.0 = Release|iPhone
		{8226EA92-8E26-4DEC-8172-D852B27F4359}.Debug|Any CPU.ActiveCfg = Debug|Any CPU
		{8226EA92-8E26-4DEC-8172-D852B27F4359}.Debug|Any CPU.Build.0 = Debug|Any CPU
		{8226EA92-8E26-4DEC-8172-D852B27F4359}.Release|Any CPU.ActiveCfg = Release|Any CPU
		{8226EA92-8E26-4DEC-8172-D852B27F4359}.Release|Any CPU.Build.0 = Release|Any CPU
		{8226EA92-8E26-4DEC-8172-D852B27F4359}.Debug|iPhoneSimulator.ActiveCfg = Debug|Any CPU
		{8226EA92-8E26-4DEC-8172-D852B27F4359}.Debug|iPhoneSimulator.Build.0 = Debug|Any CPU
		{8226EA92-8E26-4DEC-8172-D852B27F4359}.Release|iPhoneSimulator.ActiveCfg = Release|Any CPU
		{8226EA92-8E26-4DEC-8172-D852B27F4359}.Release|iPhoneSimulator.Build.0 = Release|Any CPU
		{8226EA92-8E26-4DEC-8172-D852B27F4359}.Debug|iPhone.ActiveCfg = Debug|Any CPU
		{8226EA92-8E26-4DEC-8172-D852B27F4359}.Debug|iPhone.Build.0 = Debug|Any CPU
		{8226EA92-8E26-4DEC-8172-D852B27F4359}.Release|iPhone.ActiveCfg = Release|Any CPU
		{8226EA92-8E26-4DEC-8172-D852B27F4359}.Release|iPhone.Build.0 = Release|Any CPU
		{12CFD5EE-2770-4AA1-BF37-43179AD96088}.Debug|Any CPU.ActiveCfg = Debug|Any CPU
		{12CFD5EE-2770-4AA1-BF37-43179AD96088}.Debug|Any CPU.Build.0 = Debug|Any CPU
		{12CFD5EE-2770-4AA1-BF37-43179AD96088}.Release|Any CPU.ActiveCfg = Release|Any CPU
		{12CFD5EE-2770-4AA1-BF37-43179AD96088}.Release|Any CPU.Build.0 = Release|Any CPU
		{12CFD5EE-2770-4AA1-BF37-43179AD96088}.Debug|iPhoneSimulator.ActiveCfg = Debug|Any CPU
		{12CFD5EE-2770-4AA1-BF37-43179AD96088}.Debug|iPhoneSimulator.Build.0 = Debug|Any CPU
		{12CFD5EE-2770-4AA1-BF37-43179AD96088}.Release|iPhoneSimulator.ActiveCfg = Release|Any CPU
		{12CFD5EE-2770-4AA1-BF37-43179AD96088}.Release|iPhoneSimulator.Build.0 = Release|Any CPU
		{12CFD5EE-2770-4AA1-BF37-43179AD96088}.Debug|iPhone.ActiveCfg = Debug|Any CPU
		{12CFD5EE-2770-4AA1-BF37-43179AD96088}.Debug|iPhone.Build.0 = Debug|Any CPU
		{12CFD5EE-2770-4AA1-BF37-43179AD96088}.Release|iPhone.ActiveCfg = Release|Any CPU
		{12CFD5EE-2770-4AA1-BF37-43179AD96088}.Release|iPhone.Build.0 = Release|Any CPU
		{AAD27BB7-C0BD-4140-B786-146879122D9C}.Debug|Any CPU.ActiveCfg = Debug|Any CPU
		{AAD27BB7-C0BD-4140-B786-146879122D9C}.Debug|Any CPU.Build.0 = Debug|Any CPU
		{AAD27BB7-C0BD-4140-B786-146879122D9C}.Release|Any CPU.ActiveCfg = Release|Any CPU
		{AAD27BB7-C0BD-4140-B786-146879122D9C}.Release|Any CPU.Build.0 = Release|Any CPU
		{AAD27BB7-C0BD-4140-B786-146879122D9C}.Debug|iPhoneSimulator.ActiveCfg = Debug|Any CPU
		{AAD27BB7-C0BD-4140-B786-146879122D9C}.Debug|iPhoneSimulator.Build.0 = Debug|Any CPU
		{AAD27BB7-C0BD-4140-B786-146879122D9C}.Release|iPhoneSimulator.ActiveCfg = Release|Any CPU
		{AAD27BB7-C0BD-4140-B786-146879122D9C}.Release|iPhoneSimulator.Build.0 = Release|Any CPU
		{AAD27BB7-C0BD-4140-B786-146879122D9C}.Debug|iPhone.ActiveCfg = Debug|Any CPU
		{AAD27BB7-C0BD-4140-B786-146879122D9C}.Debug|iPhone.Build.0 = Debug|Any CPU
		{AAD27BB7-C0BD-4140-B786-146879122D9C}.Release|iPhone.ActiveCfg = Release|Any CPU
		{AAD27BB7-C0BD-4140-B786-146879122D9C}.Release|iPhone.Build.0 = Release|Any CPU
		{3C538D76-233F-4B80-8FAF-B01E41DDCFC7}.Debug|Any CPU.ActiveCfg = Debug|Any CPU
		{3C538D76-233F-4B80-8FAF-B01E41DDCFC7}.Debug|Any CPU.Build.0 = Debug|Any CPU
		{3C538D76-233F-4B80-8FAF-B01E41DDCFC7}.Release|Any CPU.ActiveCfg = Release|Any CPU
		{3C538D76-233F-4B80-8FAF-B01E41DDCFC7}.Release|Any CPU.Build.0 = Release|Any CPU
		{3C538D76-233F-4B80-8FAF-B01E41DDCFC7}.Debug|iPhoneSimulator.ActiveCfg = Debug|Any CPU
		{3C538D76-233F-4B80-8FAF-B01E41DDCFC7}.Debug|iPhoneSimulator.Build.0 = Debug|Any CPU
		{3C538D76-233F-4B80-8FAF-B01E41DDCFC7}.Release|iPhoneSimulator.ActiveCfg = Release|Any CPU
		{3C538D76-233F-4B80-8FAF-B01E41DDCFC7}.Release|iPhoneSimulator.Build.0 = Release|Any CPU
		{3C538D76-233F-4B80-8FAF-B01E41DDCFC7}.Debug|iPhone.ActiveCfg = Debug|Any CPU
		{3C538D76-233F-4B80-8FAF-B01E41DDCFC7}.Debug|iPhone.Build.0 = Debug|Any CPU
		{3C538D76-233F-4B80-8FAF-B01E41DDCFC7}.Release|iPhone.ActiveCfg = Release|Any CPU
		{3C538D76-233F-4B80-8FAF-B01E41DDCFC7}.Release|iPhone.Build.0 = Release|Any CPU
		{53CD17D3-CCAE-4D94-9C34-B1AD298CE44B}.Debug|Any CPU.ActiveCfg = Debug|Any CPU
		{53CD17D3-CCAE-4D94-9C34-B1AD298CE44B}.Debug|Any CPU.Build.0 = Debug|Any CPU
		{53CD17D3-CCAE-4D94-9C34-B1AD298CE44B}.Release|Any CPU.ActiveCfg = Release|Any CPU
		{53CD17D3-CCAE-4D94-9C34-B1AD298CE44B}.Release|Any CPU.Build.0 = Release|Any CPU
		{53CD17D3-CCAE-4D94-9C34-B1AD298CE44B}.Debug|iPhoneSimulator.ActiveCfg = Debug|Any CPU
		{53CD17D3-CCAE-4D94-9C34-B1AD298CE44B}.Debug|iPhoneSimulator.Build.0 = Debug|Any CPU
		{53CD17D3-CCAE-4D94-9C34-B1AD298CE44B}.Release|iPhoneSimulator.ActiveCfg = Release|Any CPU
		{53CD17D3-CCAE-4D94-9C34-B1AD298CE44B}.Release|iPhoneSimulator.Build.0 = Release|Any CPU
		{53CD17D3-CCAE-4D94-9C34-B1AD298CE44B}.Debug|iPhone.ActiveCfg = Debug|Any CPU
		{53CD17D3-CCAE-4D94-9C34-B1AD298CE44B}.Debug|iPhone.Build.0 = Debug|Any CPU
		{53CD17D3-CCAE-4D94-9C34-B1AD298CE44B}.Release|iPhone.ActiveCfg = Release|Any CPU
		{53CD17D3-CCAE-4D94-9C34-B1AD298CE44B}.Release|iPhone.Build.0 = Release|Any CPU
		{66B031A7-BB34-4AA6-9314-48AD436DD6C1}.Debug|Any CPU.ActiveCfg = Debug|Any CPU
		{66B031A7-BB34-4AA6-9314-48AD436DD6C1}.Debug|Any CPU.Build.0 = Debug|Any CPU
		{66B031A7-BB34-4AA6-9314-48AD436DD6C1}.Release|Any CPU.ActiveCfg = Release|Any CPU
		{66B031A7-BB34-4AA6-9314-48AD436DD6C1}.Release|Any CPU.Build.0 = Release|Any CPU
		{66B031A7-BB34-4AA6-9314-48AD436DD6C1}.Debug|iPhoneSimulator.ActiveCfg = Debug|Any CPU
		{66B031A7-BB34-4AA6-9314-48AD436DD6C1}.Debug|iPhoneSimulator.Build.0 = Debug|Any CPU
		{66B031A7-BB34-4AA6-9314-48AD436DD6C1}.Release|iPhoneSimulator.ActiveCfg = Release|Any CPU
		{66B031A7-BB34-4AA6-9314-48AD436DD6C1}.Release|iPhoneSimulator.Build.0 = Release|Any CPU
		{66B031A7-BB34-4AA6-9314-48AD436DD6C1}.Debug|iPhone.ActiveCfg = Debug|Any CPU
		{66B031A7-BB34-4AA6-9314-48AD436DD6C1}.Debug|iPhone.Build.0 = Debug|Any CPU
		{66B031A7-BB34-4AA6-9314-48AD436DD6C1}.Release|iPhone.ActiveCfg = Release|Any CPU
		{66B031A7-BB34-4AA6-9314-48AD436DD6C1}.Release|iPhone.Build.0 = Release|Any CPU
		{E95CC0D9-9851-4697-ACDA-5E64AE0C3D3D}.Debug|Any CPU.ActiveCfg = Debug|Any CPU
		{E95CC0D9-9851-4697-ACDA-5E64AE0C3D3D}.Debug|Any CPU.Build.0 = Debug|Any CPU
		{E95CC0D9-9851-4697-ACDA-5E64AE0C3D3D}.Release|Any CPU.ActiveCfg = Release|Any CPU
		{E95CC0D9-9851-4697-ACDA-5E64AE0C3D3D}.Release|Any CPU.Build.0 = Release|Any CPU
		{E95CC0D9-9851-4697-ACDA-5E64AE0C3D3D}.Debug|iPhoneSimulator.ActiveCfg = Debug|Any CPU
		{E95CC0D9-9851-4697-ACDA-5E64AE0C3D3D}.Debug|iPhoneSimulator.Build.0 = Debug|Any CPU
		{E95CC0D9-9851-4697-ACDA-5E64AE0C3D3D}.Release|iPhoneSimulator.ActiveCfg = Release|Any CPU
		{E95CC0D9-9851-4697-ACDA-5E64AE0C3D3D}.Release|iPhoneSimulator.Build.0 = Release|Any CPU
		{E95CC0D9-9851-4697-ACDA-5E64AE0C3D3D}.Debug|iPhone.ActiveCfg = Debug|Any CPU
		{E95CC0D9-9851-4697-ACDA-5E64AE0C3D3D}.Debug|iPhone.Build.0 = Debug|Any CPU
		{E95CC0D9-9851-4697-ACDA-5E64AE0C3D3D}.Release|iPhone.ActiveCfg = Release|Any CPU
		{E95CC0D9-9851-4697-ACDA-5E64AE0C3D3D}.Release|iPhone.Build.0 = Release|Any CPU
		{4AB11E63-AAD5-487B-AC85-9AB0BEE904C6}.Debug|Any CPU.ActiveCfg = Debug|Any CPU
		{4AB11E63-AAD5-487B-AC85-9AB0BEE904C6}.Debug|Any CPU.Build.0 = Debug|Any CPU
		{4AB11E63-AAD5-487B-AC85-9AB0BEE904C6}.Release|Any CPU.ActiveCfg = Release|Any CPU
		{4AB11E63-AAD5-487B-AC85-9AB0BEE904C6}.Release|Any CPU.Build.0 = Release|Any CPU
		{4AB11E63-AAD5-487B-AC85-9AB0BEE904C6}.Debug|iPhoneSimulator.ActiveCfg = Debug|Any CPU
		{4AB11E63-AAD5-487B-AC85-9AB0BEE904C6}.Debug|iPhoneSimulator.Build.0 = Debug|Any CPU
		{4AB11E63-AAD5-487B-AC85-9AB0BEE904C6}.Release|iPhoneSimulator.ActiveCfg = Release|Any CPU
		{4AB11E63-AAD5-487B-AC85-9AB0BEE904C6}.Release|iPhoneSimulator.Build.0 = Release|Any CPU
		{4AB11E63-AAD5-487B-AC85-9AB0BEE904C6}.Debug|iPhone.ActiveCfg = Debug|Any CPU
		{4AB11E63-AAD5-487B-AC85-9AB0BEE904C6}.Debug|iPhone.Build.0 = Debug|Any CPU
		{4AB11E63-AAD5-487B-AC85-9AB0BEE904C6}.Release|iPhone.ActiveCfg = Release|Any CPU
		{4AB11E63-AAD5-487B-AC85-9AB0BEE904C6}.Release|iPhone.Build.0 = Release|Any CPU
		{B771C009-64AF-4CB2-9F54-04A286A6EE3B}.Debug|Any CPU.ActiveCfg = Debug|Any CPU
		{B771C009-64AF-4CB2-9F54-04A286A6EE3B}.Debug|Any CPU.Build.0 = Debug|Any CPU
		{B771C009-64AF-4CB2-9F54-04A286A6EE3B}.Release|Any CPU.ActiveCfg = Release|Any CPU
		{B771C009-64AF-4CB2-9F54-04A286A6EE3B}.Release|Any CPU.Build.0 = Release|Any CPU
		{B771C009-64AF-4CB2-9F54-04A286A6EE3B}.Debug|iPhoneSimulator.ActiveCfg = Debug|Any CPU
		{B771C009-64AF-4CB2-9F54-04A286A6EE3B}.Debug|iPhoneSimulator.Build.0 = Debug|Any CPU
		{B771C009-64AF-4CB2-9F54-04A286A6EE3B}.Release|iPhoneSimulator.ActiveCfg = Release|Any CPU
		{B771C009-64AF-4CB2-9F54-04A286A6EE3B}.Release|iPhoneSimulator.Build.0 = Release|Any CPU
		{B771C009-64AF-4CB2-9F54-04A286A6EE3B}.Debug|iPhone.ActiveCfg = Debug|Any CPU
		{B771C009-64AF-4CB2-9F54-04A286A6EE3B}.Debug|iPhone.Build.0 = Debug|Any CPU
		{B771C009-64AF-4CB2-9F54-04A286A6EE3B}.Release|iPhone.ActiveCfg = Release|Any CPU
		{B771C009-64AF-4CB2-9F54-04A286A6EE3B}.Release|iPhone.Build.0 = Release|Any CPU
		{2F6C77FD-6BF1-4A48-92AA-C07769151BFF}.Debug|Any CPU.ActiveCfg = Debug|Any CPU
		{2F6C77FD-6BF1-4A48-92AA-C07769151BFF}.Debug|Any CPU.Build.0 = Debug|Any CPU
		{2F6C77FD-6BF1-4A48-92AA-C07769151BFF}.Release|Any CPU.ActiveCfg = Release|Any CPU
		{2F6C77FD-6BF1-4A48-92AA-C07769151BFF}.Release|Any CPU.Build.0 = Release|Any CPU
		{2F6C77FD-6BF1-4A48-92AA-C07769151BFF}.Debug|iPhoneSimulator.ActiveCfg = Debug|Any CPU
		{2F6C77FD-6BF1-4A48-92AA-C07769151BFF}.Debug|iPhoneSimulator.Build.0 = Debug|Any CPU
		{2F6C77FD-6BF1-4A48-92AA-C07769151BFF}.Release|iPhoneSimulator.ActiveCfg = Release|Any CPU
		{2F6C77FD-6BF1-4A48-92AA-C07769151BFF}.Release|iPhoneSimulator.Build.0 = Release|Any CPU
		{2F6C77FD-6BF1-4A48-92AA-C07769151BFF}.Debug|iPhone.ActiveCfg = Debug|Any CPU
		{2F6C77FD-6BF1-4A48-92AA-C07769151BFF}.Debug|iPhone.Build.0 = Debug|Any CPU
		{2F6C77FD-6BF1-4A48-92AA-C07769151BFF}.Release|iPhone.ActiveCfg = Release|Any CPU
		{2F6C77FD-6BF1-4A48-92AA-C07769151BFF}.Release|iPhone.Build.0 = Release|Any CPU
		{FC83CBB8-10A3-458D-AB4A-631D9A5DA089}.Debug|Any CPU.ActiveCfg = Debug|Any CPU
		{FC83CBB8-10A3-458D-AB4A-631D9A5DA089}.Debug|Any CPU.Build.0 = Debug|Any CPU
		{FC83CBB8-10A3-458D-AB4A-631D9A5DA089}.Release|Any CPU.ActiveCfg = Release|Any CPU
		{FC83CBB8-10A3-458D-AB4A-631D9A5DA089}.Release|Any CPU.Build.0 = Release|Any CPU
		{FC83CBB8-10A3-458D-AB4A-631D9A5DA089}.Debug|iPhoneSimulator.ActiveCfg = Debug|Any CPU
		{FC83CBB8-10A3-458D-AB4A-631D9A5DA089}.Debug|iPhoneSimulator.Build.0 = Debug|Any CPU
		{FC83CBB8-10A3-458D-AB4A-631D9A5DA089}.Release|iPhoneSimulator.ActiveCfg = Release|Any CPU
		{FC83CBB8-10A3-458D-AB4A-631D9A5DA089}.Release|iPhoneSimulator.Build.0 = Release|Any CPU
		{FC83CBB8-10A3-458D-AB4A-631D9A5DA089}.Debug|iPhone.ActiveCfg = Debug|Any CPU
		{FC83CBB8-10A3-458D-AB4A-631D9A5DA089}.Debug|iPhone.Build.0 = Debug|Any CPU
		{FC83CBB8-10A3-458D-AB4A-631D9A5DA089}.Release|iPhone.ActiveCfg = Release|Any CPU
		{FC83CBB8-10A3-458D-AB4A-631D9A5DA089}.Release|iPhone.Build.0 = Release|Any CPU
		{A6B5926F-EAB8-4CA0-A5AD-A5BDDF0DB83B}.Debug|Any CPU.ActiveCfg = Debug|Any CPU
		{A6B5926F-EAB8-4CA0-A5AD-A5BDDF0DB83B}.Debug|Any CPU.Build.0 = Debug|Any CPU
		{A6B5926F-EAB8-4CA0-A5AD-A5BDDF0DB83B}.Release|Any CPU.ActiveCfg = Release|Any CPU
		{A6B5926F-EAB8-4CA0-A5AD-A5BDDF0DB83B}.Release|Any CPU.Build.0 = Release|Any CPU
		{A6B5926F-EAB8-4CA0-A5AD-A5BDDF0DB83B}.Debug|iPhoneSimulator.ActiveCfg = Debug|Any CPU
		{A6B5926F-EAB8-4CA0-A5AD-A5BDDF0DB83B}.Debug|iPhoneSimulator.Build.0 = Debug|Any CPU
		{A6B5926F-EAB8-4CA0-A5AD-A5BDDF0DB83B}.Release|iPhoneSimulator.ActiveCfg = Release|Any CPU
		{A6B5926F-EAB8-4CA0-A5AD-A5BDDF0DB83B}.Release|iPhoneSimulator.Build.0 = Release|Any CPU
		{A6B5926F-EAB8-4CA0-A5AD-A5BDDF0DB83B}.Debug|iPhone.ActiveCfg = Debug|Any CPU
		{A6B5926F-EAB8-4CA0-A5AD-A5BDDF0DB83B}.Debug|iPhone.Build.0 = Debug|Any CPU
		{A6B5926F-EAB8-4CA0-A5AD-A5BDDF0DB83B}.Release|iPhone.ActiveCfg = Release|Any CPU
		{A6B5926F-EAB8-4CA0-A5AD-A5BDDF0DB83B}.Release|iPhone.Build.0 = Release|Any CPU
		{1B0C04C6-E21B-4899-B47D-8724EB6DF445}.Debug|Any CPU.ActiveCfg = Debug|Any CPU
		{1B0C04C6-E21B-4899-B47D-8724EB6DF445}.Debug|Any CPU.Build.0 = Debug|Any CPU
		{1B0C04C6-E21B-4899-B47D-8724EB6DF445}.Release|Any CPU.ActiveCfg = Release|Any CPU
		{1B0C04C6-E21B-4899-B47D-8724EB6DF445}.Release|Any CPU.Build.0 = Release|Any CPU
		{1B0C04C6-E21B-4899-B47D-8724EB6DF445}.Debug|iPhoneSimulator.ActiveCfg = Debug|Any CPU
		{1B0C04C6-E21B-4899-B47D-8724EB6DF445}.Debug|iPhoneSimulator.Build.0 = Debug|Any CPU
		{1B0C04C6-E21B-4899-B47D-8724EB6DF445}.Release|iPhoneSimulator.ActiveCfg = Release|Any CPU
		{1B0C04C6-E21B-4899-B47D-8724EB6DF445}.Release|iPhoneSimulator.Build.0 = Release|Any CPU
		{1B0C04C6-E21B-4899-B47D-8724EB6DF445}.Debug|iPhone.ActiveCfg = Debug|Any CPU
		{1B0C04C6-E21B-4899-B47D-8724EB6DF445}.Debug|iPhone.Build.0 = Debug|Any CPU
		{1B0C04C6-E21B-4899-B47D-8724EB6DF445}.Release|iPhone.ActiveCfg = Release|Any CPU
		{1B0C04C6-E21B-4899-B47D-8724EB6DF445}.Release|iPhone.Build.0 = Release|Any CPU
		{F6F07FA0-8509-4FE8-93F9-C7261EA0A6B4}.Debug|Any CPU.ActiveCfg = Debug|Any CPU
		{F6F07FA0-8509-4FE8-93F9-C7261EA0A6B4}.Debug|Any CPU.Build.0 = Debug|Any CPU
		{F6F07FA0-8509-4FE8-93F9-C7261EA0A6B4}.Release|Any CPU.ActiveCfg = Release|Any CPU
		{F6F07FA0-8509-4FE8-93F9-C7261EA0A6B4}.Release|Any CPU.Build.0 = Release|Any CPU
		{F6F07FA0-8509-4FE8-93F9-C7261EA0A6B4}.Debug|iPhoneSimulator.ActiveCfg = Debug|Any CPU
		{F6F07FA0-8509-4FE8-93F9-C7261EA0A6B4}.Debug|iPhoneSimulator.Build.0 = Debug|Any CPU
		{F6F07FA0-8509-4FE8-93F9-C7261EA0A6B4}.Release|iPhoneSimulator.ActiveCfg = Release|Any CPU
		{F6F07FA0-8509-4FE8-93F9-C7261EA0A6B4}.Release|iPhoneSimulator.Build.0 = Release|Any CPU
		{F6F07FA0-8509-4FE8-93F9-C7261EA0A6B4}.Debug|iPhone.ActiveCfg = Debug|Any CPU
		{F6F07FA0-8509-4FE8-93F9-C7261EA0A6B4}.Debug|iPhone.Build.0 = Debug|Any CPU
		{F6F07FA0-8509-4FE8-93F9-C7261EA0A6B4}.Release|iPhone.ActiveCfg = Release|Any CPU
		{F6F07FA0-8509-4FE8-93F9-C7261EA0A6B4}.Release|iPhone.Build.0 = Release|Any CPU
	EndGlobalSection
	GlobalSection(SolutionProperties) = preSolution
		HideSolutionNode = FALSE
	EndGlobalSection
	GlobalSection(ExtensibilityGlobals) = postSolution
		SolutionGuid = {1B02F7C0-8D70-43F5-A6E3-0BD375075B47}
	EndGlobalSection
	GlobalSection(NestedProjects) = preSolution
		{A08BAC4E-B86F-43F6-AD3A-E796083597B2} = {1E30E4E1-D64A-4318-82B2-360604887C8B}
		{DBD5DADE-0CD0-4B67-AD59-91AE0AE9EEC9} = {A08BAC4E-B86F-43F6-AD3A-E796083597B2}
		{5E3A32C2-9783-4F69-B6F9-E97DF3972A49} = {A08BAC4E-B86F-43F6-AD3A-E796083597B2}
		{5DD1B7C5-AA4A-44D4-8075-EA57FA6D7E36} = {A08BAC4E-B86F-43F6-AD3A-E796083597B2}
		{8226EA92-8E26-4DEC-8172-D852B27F4359} = {1E30E4E1-D64A-4318-82B2-360604887C8B}
		{12CFD5EE-2770-4AA1-BF37-43179AD96088} = {1E30E4E1-D64A-4318-82B2-360604887C8B}
		{AAD27BB7-C0BD-4140-B786-146879122D9C} = {1C7071FD-5A65-44CB-836C-A8F39E3A5A4A}
		{3C538D76-233F-4B80-8FAF-B01E41DDCFC7} = {1C7071FD-5A65-44CB-836C-A8F39E3A5A4A}
		{B1C85AF1-1E24-4AFD-A8BB-4DFDCFE0E248} = {5B88B1B4-BF9A-4A9D-9547-94803E696B7F}
		{48493D9C-3B33-431E-931F-DA99EF23EB2C} = {5B88B1B4-BF9A-4A9D-9547-94803E696B7F}
		{1C7071FD-5A65-44CB-836C-A8F39E3A5A4A} = {5B88B1B4-BF9A-4A9D-9547-94803E696B7F}
		{53CD17D3-CCAE-4D94-9C34-B1AD298CE44B} = {20D62DF5-1C80-4D46-9F0C-12AA2554E707}
		{66B031A7-BB34-4AA6-9314-48AD436DD6C1} = {20D62DF5-1C80-4D46-9F0C-12AA2554E707}
		{E95CC0D9-9851-4697-ACDA-5E64AE0C3D3D} = {B1C85AF1-1E24-4AFD-A8BB-4DFDCFE0E248}
		{4AB11E63-AAD5-487B-AC85-9AB0BEE904C6} = {B1C85AF1-1E24-4AFD-A8BB-4DFDCFE0E248}
		{B771C009-64AF-4CB2-9F54-04A286A6EE3B} = {B1C85AF1-1E24-4AFD-A8BB-4DFDCFE0E248}
		{2F6C77FD-6BF1-4A48-92AA-C07769151BFF} = {48493D9C-3B33-431E-931F-DA99EF23EB2C}
		{FC83CBB8-10A3-458D-AB4A-631D9A5DA089} = {48493D9C-3B33-431E-931F-DA99EF23EB2C}
		{A6B5926F-EAB8-4CA0-A5AD-A5BDDF0DB83B} = {48493D9C-3B33-431E-931F-DA99EF23EB2C}
		{1B0C04C6-E21B-4899-B47D-8724EB6DF445} = {48493D9C-3B33-431E-931F-DA99EF23EB2C}
		{F6F07FA0-8509-4FE8-93F9-C7261EA0A6B4} = {B1C85AF1-1E24-4AFD-A8BB-4DFDCFE0E248}
	EndGlobalSection
EndGlobal
