
Microsoft Visual Studio Solution File, Format Version 12.00
# Visual Studio Version 16
VisualStudioVersion = 16.0.809.6
MinimumVisualStudioVersion = 10.0.40219.1
Project("{FAE04EC0-301F-11D3-BF4B-00C04F79EFBC}") = "MySystem.Api", "src\MySystem.Api\MySystem.Api.csproj", "{D2E5E33E-AA0B-4A24-A01C-DC5C70A371B8}"
EndProject
Project("{FAE04EC0-301F-11D3-BF4B-00C04F79EFBC}") = "MySystem.ServerData", "src\MySystem.Data\MySystem.ServerData.csproj", "{6B2C37C8-5619-4257-8077-49DC16CACBF6}"
EndProject
Project("{FAE04EC0-301F-11D3-BF4B-00C04F79EFBC}") = "MySystem.Api.FunctionalTest", "src\MySystem.Api.IntegrationTest\MySystem.Api.FunctionalTest.csproj", "{2B721B10-2B12-4D93-AC42-1E1857E2F2D7}"
EndProject
Project("{FAE04EC0-301F-11D3-BF4B-00C04F79EFBC}") = "MySystem.Api.UnitTest", "src\MySystem.Api.UnitTest\MySystem.Api.UnitTest.csproj", "{9C8AD59C-37C4-4EB5-8B7A-EAE6095D3D4E}"
EndProject
Project("{2150E333-8FDC-42A3-9474-1A3956D46DE8}") = "XamarinForms", "XamarinForms", "{1E30E4E1-D64A-4318-82B2-360604887C8B}"
EndProject
Project("{FAE04EC0-301F-11D3-BF4B-00C04F79EFBC}") = "MySystem.XamarinForms.Android", "src\MySystem.XamarinForms.Android\MySystem.XamarinForms.Android.csproj", "{5E3A32C2-9783-4F69-B6F9-E97DF3972A49}"
EndProject
Project("{FAE04EC0-301F-11D3-BF4B-00C04F79EFBC}") = "MySystem.XamarinForms.iOS", "src\MySystem.XamarinForms.iOS\MySystem.XamarinForms.iOS.csproj", "{5DD1B7C5-AA4A-44D4-8075-EA57FA6D7E36}"
EndProject
Project("{FAE04EC0-301F-11D3-BF4B-00C04F79EFBC}") = "MySystem.XamarinForms", "src\MySystem.XamarinForms\MySystem.XamarinForms.csproj", "{EED39460-07EC-41D8-ABC4-3CB4A261278E}"
EndProject
Project("{FAE04EC0-301F-11D3-BF4B-00C04F79EFBC}") = "MySystem.ClientService", "src\MySystem.ClientService\MySystem.ClientService.csproj", "{88552468-9C25-44C5-A388-34E4203EF194}"
EndProject
Project("{FAE04EC0-301F-11D3-BF4B-00C04F79EFBC}") = "MySystem.SharedDto", "src\MySystem.SharedDto\MySystem.SharedDto.csproj", "{6D111169-1BFB-49D6-B78C-FC43F3D8F639}"
EndProject
Project("{FAE04EC0-301F-11D3-BF4B-00C04F79EFBC}") = "MySystem.ClientService.UnitTest", "src\MySystem.ClientService.UnitTest\MySystem.ClientService.UnitTest.csproj", "{FDC6AF1C-3EA2-4C3B-9AA5-248DB0EE73BA}"
EndProject
Project("{FAE04EC0-301F-11D3-BF4B-00C04F79EFBC}") = "MySystem.ClientService.FunctionalTest", "src\MySystem.ClientService.FunctionalTest\MySystem.ClientService.FunctionalTest.csproj", "{4093290B-EAAF-43BB-8C89-16DED9FE3982}"
EndProject
Global
	GlobalSection(SolutionConfigurationPlatforms) = preSolution
		Debug|Any CPU = Debug|Any CPU
		Release|Any CPU = Release|Any CPU
		Debug|iPhoneSimulator = Debug|iPhoneSimulator
		Release|iPhoneSimulator = Release|iPhoneSimulator
		Debug|iPhone = Debug|iPhone
		Release|iPhone = Release|iPhone
	EndGlobalSection
	GlobalSection(ProjectConfigurationPlatforms) = postSolution
		{D2E5E33E-AA0B-4A24-A01C-DC5C70A371B8}.Debug|Any CPU.ActiveCfg = Debug|Any CPU
		{D2E5E33E-AA0B-4A24-A01C-DC5C70A371B8}.Debug|Any CPU.Build.0 = Debug|Any CPU
		{D2E5E33E-AA0B-4A24-A01C-DC5C70A371B8}.Release|Any CPU.ActiveCfg = Release|Any CPU
		{D2E5E33E-AA0B-4A24-A01C-DC5C70A371B8}.Release|Any CPU.Build.0 = Release|Any CPU
		{D2E5E33E-AA0B-4A24-A01C-DC5C70A371B8}.Debug|iPhoneSimulator.ActiveCfg = Debug|Any CPU
		{D2E5E33E-AA0B-4A24-A01C-DC5C70A371B8}.Debug|iPhoneSimulator.Build.0 = Debug|Any CPU
		{D2E5E33E-AA0B-4A24-A01C-DC5C70A371B8}.Release|iPhoneSimulator.ActiveCfg = Release|Any CPU
		{D2E5E33E-AA0B-4A24-A01C-DC5C70A371B8}.Release|iPhoneSimulator.Build.0 = Release|Any CPU
		{D2E5E33E-AA0B-4A24-A01C-DC5C70A371B8}.Debug|iPhone.ActiveCfg = Debug|Any CPU
		{D2E5E33E-AA0B-4A24-A01C-DC5C70A371B8}.Debug|iPhone.Build.0 = Debug|Any CPU
		{D2E5E33E-AA0B-4A24-A01C-DC5C70A371B8}.Release|iPhone.ActiveCfg = Release|Any CPU
		{D2E5E33E-AA0B-4A24-A01C-DC5C70A371B8}.Release|iPhone.Build.0 = Release|Any CPU
		{6B2C37C8-5619-4257-8077-49DC16CACBF6}.Debug|Any CPU.ActiveCfg = Debug|Any CPU
		{6B2C37C8-5619-4257-8077-49DC16CACBF6}.Debug|Any CPU.Build.0 = Debug|Any CPU
		{6B2C37C8-5619-4257-8077-49DC16CACBF6}.Release|Any CPU.ActiveCfg = Release|Any CPU
		{6B2C37C8-5619-4257-8077-49DC16CACBF6}.Release|Any CPU.Build.0 = Release|Any CPU
		{6B2C37C8-5619-4257-8077-49DC16CACBF6}.Debug|iPhoneSimulator.ActiveCfg = Debug|Any CPU
		{6B2C37C8-5619-4257-8077-49DC16CACBF6}.Debug|iPhoneSimulator.Build.0 = Debug|Any CPU
		{6B2C37C8-5619-4257-8077-49DC16CACBF6}.Release|iPhoneSimulator.ActiveCfg = Release|Any CPU
		{6B2C37C8-5619-4257-8077-49DC16CACBF6}.Release|iPhoneSimulator.Build.0 = Release|Any CPU
		{6B2C37C8-5619-4257-8077-49DC16CACBF6}.Debug|iPhone.ActiveCfg = Debug|Any CPU
		{6B2C37C8-5619-4257-8077-49DC16CACBF6}.Debug|iPhone.Build.0 = Debug|Any CPU
		{6B2C37C8-5619-4257-8077-49DC16CACBF6}.Release|iPhone.ActiveCfg = Release|Any CPU
		{6B2C37C8-5619-4257-8077-49DC16CACBF6}.Release|iPhone.Build.0 = Release|Any CPU
		{2B721B10-2B12-4D93-AC42-1E1857E2F2D7}.Debug|Any CPU.ActiveCfg = Debug|Any CPU
		{2B721B10-2B12-4D93-AC42-1E1857E2F2D7}.Debug|Any CPU.Build.0 = Debug|Any CPU
		{2B721B10-2B12-4D93-AC42-1E1857E2F2D7}.Release|Any CPU.ActiveCfg = Release|Any CPU
		{2B721B10-2B12-4D93-AC42-1E1857E2F2D7}.Release|Any CPU.Build.0 = Release|Any CPU
		{2B721B10-2B12-4D93-AC42-1E1857E2F2D7}.Debug|iPhoneSimulator.ActiveCfg = Debug|Any CPU
		{2B721B10-2B12-4D93-AC42-1E1857E2F2D7}.Debug|iPhoneSimulator.Build.0 = Debug|Any CPU
		{2B721B10-2B12-4D93-AC42-1E1857E2F2D7}.Release|iPhoneSimulator.ActiveCfg = Release|Any CPU
		{2B721B10-2B12-4D93-AC42-1E1857E2F2D7}.Release|iPhoneSimulator.Build.0 = Release|Any CPU
		{2B721B10-2B12-4D93-AC42-1E1857E2F2D7}.Debug|iPhone.ActiveCfg = Debug|Any CPU
		{2B721B10-2B12-4D93-AC42-1E1857E2F2D7}.Debug|iPhone.Build.0 = Debug|Any CPU
		{2B721B10-2B12-4D93-AC42-1E1857E2F2D7}.Release|iPhone.ActiveCfg = Release|Any CPU
		{2B721B10-2B12-4D93-AC42-1E1857E2F2D7}.Release|iPhone.Build.0 = Release|Any CPU
		{9C8AD59C-37C4-4EB5-8B7A-EAE6095D3D4E}.Debug|Any CPU.ActiveCfg = Debug|Any CPU
		{9C8AD59C-37C4-4EB5-8B7A-EAE6095D3D4E}.Debug|Any CPU.Build.0 = Debug|Any CPU
		{9C8AD59C-37C4-4EB5-8B7A-EAE6095D3D4E}.Release|Any CPU.ActiveCfg = Release|Any CPU
		{9C8AD59C-37C4-4EB5-8B7A-EAE6095D3D4E}.Release|Any CPU.Build.0 = Release|Any CPU
		{9C8AD59C-37C4-4EB5-8B7A-EAE6095D3D4E}.Debug|iPhoneSimulator.ActiveCfg = Debug|Any CPU
		{9C8AD59C-37C4-4EB5-8B7A-EAE6095D3D4E}.Debug|iPhoneSimulator.Build.0 = Debug|Any CPU
		{9C8AD59C-37C4-4EB5-8B7A-EAE6095D3D4E}.Release|iPhoneSimulator.ActiveCfg = Release|Any CPU
		{9C8AD59C-37C4-4EB5-8B7A-EAE6095D3D4E}.Release|iPhoneSimulator.Build.0 = Release|Any CPU
		{9C8AD59C-37C4-4EB5-8B7A-EAE6095D3D4E}.Debug|iPhone.ActiveCfg = Debug|Any CPU
		{9C8AD59C-37C4-4EB5-8B7A-EAE6095D3D4E}.Debug|iPhone.Build.0 = Debug|Any CPU
		{9C8AD59C-37C4-4EB5-8B7A-EAE6095D3D4E}.Release|iPhone.ActiveCfg = Release|Any CPU
		{9C8AD59C-37C4-4EB5-8B7A-EAE6095D3D4E}.Release|iPhone.Build.0 = Release|Any CPU
		{5E3A32C2-9783-4F69-B6F9-E97DF3972A49}.Debug|Any CPU.ActiveCfg = Debug|Any CPU
		{5E3A32C2-9783-4F69-B6F9-E97DF3972A49}.Debug|Any CPU.Build.0 = Debug|Any CPU
		{5E3A32C2-9783-4F69-B6F9-E97DF3972A49}.Release|Any CPU.ActiveCfg = Release|Any CPU
		{5E3A32C2-9783-4F69-B6F9-E97DF3972A49}.Release|Any CPU.Build.0 = Release|Any CPU
		{5E3A32C2-9783-4F69-B6F9-E97DF3972A49}.Debug|iPhoneSimulator.ActiveCfg = Debug|Any CPU
		{5E3A32C2-9783-4F69-B6F9-E97DF3972A49}.Debug|iPhoneSimulator.Build.0 = Debug|Any CPU
		{5E3A32C2-9783-4F69-B6F9-E97DF3972A49}.Release|iPhoneSimulator.ActiveCfg = Release|Any CPU
		{5E3A32C2-9783-4F69-B6F9-E97DF3972A49}.Release|iPhoneSimulator.Build.0 = Release|Any CPU
		{5E3A32C2-9783-4F69-B6F9-E97DF3972A49}.Debug|iPhone.ActiveCfg = Debug|Any CPU
		{5E3A32C2-9783-4F69-B6F9-E97DF3972A49}.Debug|iPhone.Build.0 = Debug|Any CPU
		{5E3A32C2-9783-4F69-B6F9-E97DF3972A49}.Release|iPhone.ActiveCfg = Release|Any CPU
		{5E3A32C2-9783-4F69-B6F9-E97DF3972A49}.Release|iPhone.Build.0 = Release|Any CPU
		{5DD1B7C5-AA4A-44D4-8075-EA57FA6D7E36}.Debug|Any CPU.ActiveCfg = Debug|iPhoneSimulator
		{5DD1B7C5-AA4A-44D4-8075-EA57FA6D7E36}.Debug|Any CPU.Build.0 = Debug|iPhoneSimulator
		{5DD1B7C5-AA4A-44D4-8075-EA57FA6D7E36}.Release|Any CPU.ActiveCfg = Release|iPhoneSimulator
		{5DD1B7C5-AA4A-44D4-8075-EA57FA6D7E36}.Release|Any CPU.Build.0 = Release|iPhoneSimulator
		{5DD1B7C5-AA4A-44D4-8075-EA57FA6D7E36}.Debug|iPhoneSimulator.ActiveCfg = Debug|iPhoneSimulator
		{5DD1B7C5-AA4A-44D4-8075-EA57FA6D7E36}.Debug|iPhoneSimulator.Build.0 = Debug|iPhoneSimulator
		{5DD1B7C5-AA4A-44D4-8075-EA57FA6D7E36}.Release|iPhoneSimulator.ActiveCfg = Release|iPhoneSimulator
		{5DD1B7C5-AA4A-44D4-8075-EA57FA6D7E36}.Release|iPhoneSimulator.Build.0 = Release|iPhoneSimulator
		{5DD1B7C5-AA4A-44D4-8075-EA57FA6D7E36}.Debug|iPhone.ActiveCfg = Debug|iPhone
		{5DD1B7C5-AA4A-44D4-8075-EA57FA6D7E36}.Debug|iPhone.Build.0 = Debug|iPhone
		{5DD1B7C5-AA4A-44D4-8075-EA57FA6D7E36}.Release|iPhone.ActiveCfg = Release|iPhone
		{5DD1B7C5-AA4A-44D4-8075-EA57FA6D7E36}.Release|iPhone.Build.0 = Release|iPhone
		{EED39460-07EC-41D8-ABC4-3CB4A261278E}.Debug|Any CPU.ActiveCfg = Debug|Any CPU
		{EED39460-07EC-41D8-ABC4-3CB4A261278E}.Debug|Any CPU.Build.0 = Debug|Any CPU
		{EED39460-07EC-41D8-ABC4-3CB4A261278E}.Release|Any CPU.ActiveCfg = Release|Any CPU
		{EED39460-07EC-41D8-ABC4-3CB4A261278E}.Release|Any CPU.Build.0 = Release|Any CPU
		{EED39460-07EC-41D8-ABC4-3CB4A261278E}.Debug|iPhoneSimulator.ActiveCfg = Debug|Any CPU
		{EED39460-07EC-41D8-ABC4-3CB4A261278E}.Debug|iPhoneSimulator.Build.0 = Debug|Any CPU
		{EED39460-07EC-41D8-ABC4-3CB4A261278E}.Release|iPhoneSimulator.ActiveCfg = Release|Any CPU
		{EED39460-07EC-41D8-ABC4-3CB4A261278E}.Release|iPhoneSimulator.Build.0 = Release|Any CPU
		{EED39460-07EC-41D8-ABC4-3CB4A261278E}.Debug|iPhone.ActiveCfg = Debug|Any CPU
		{EED39460-07EC-41D8-ABC4-3CB4A261278E}.Debug|iPhone.Build.0 = Debug|Any CPU
		{EED39460-07EC-41D8-ABC4-3CB4A261278E}.Release|iPhone.ActiveCfg = Release|Any CPU
		{EED39460-07EC-41D8-ABC4-3CB4A261278E}.Release|iPhone.Build.0 = Release|Any CPU
		{88552468-9C25-44C5-A388-34E4203EF194}.Debug|Any CPU.ActiveCfg = Debug|Any CPU
		{88552468-9C25-44C5-A388-34E4203EF194}.Debug|Any CPU.Build.0 = Debug|Any CPU
		{88552468-9C25-44C5-A388-34E4203EF194}.Release|Any CPU.ActiveCfg = Release|Any CPU
		{88552468-9C25-44C5-A388-34E4203EF194}.Release|Any CPU.Build.0 = Release|Any CPU
		{88552468-9C25-44C5-A388-34E4203EF194}.Debug|iPhoneSimulator.ActiveCfg = Debug|Any CPU
		{88552468-9C25-44C5-A388-34E4203EF194}.Debug|iPhoneSimulator.Build.0 = Debug|Any CPU
		{88552468-9C25-44C5-A388-34E4203EF194}.Release|iPhoneSimulator.ActiveCfg = Release|Any CPU
		{88552468-9C25-44C5-A388-34E4203EF194}.Release|iPhoneSimulator.Build.0 = Release|Any CPU
		{88552468-9C25-44C5-A388-34E4203EF194}.Debug|iPhone.ActiveCfg = Debug|Any CPU
		{88552468-9C25-44C5-A388-34E4203EF194}.Debug|iPhone.Build.0 = Debug|Any CPU
		{88552468-9C25-44C5-A388-34E4203EF194}.Release|iPhone.ActiveCfg = Release|Any CPU
		{88552468-9C25-44C5-A388-34E4203EF194}.Release|iPhone.Build.0 = Release|Any CPU
		{6D111169-1BFB-49D6-B78C-FC43F3D8F639}.Debug|Any CPU.ActiveCfg = Debug|Any CPU
		{6D111169-1BFB-49D6-B78C-FC43F3D8F639}.Debug|Any CPU.Build.0 = Debug|Any CPU
		{6D111169-1BFB-49D6-B78C-FC43F3D8F639}.Release|Any CPU.ActiveCfg = Release|Any CPU
		{6D111169-1BFB-49D6-B78C-FC43F3D8F639}.Release|Any CPU.Build.0 = Release|Any CPU
		{6D111169-1BFB-49D6-B78C-FC43F3D8F639}.Debug|iPhoneSimulator.ActiveCfg = Debug|Any CPU
		{6D111169-1BFB-49D6-B78C-FC43F3D8F639}.Debug|iPhoneSimulator.Build.0 = Debug|Any CPU
		{6D111169-1BFB-49D6-B78C-FC43F3D8F639}.Release|iPhoneSimulator.ActiveCfg = Release|Any CPU
		{6D111169-1BFB-49D6-B78C-FC43F3D8F639}.Release|iPhoneSimulator.Build.0 = Release|Any CPU
		{6D111169-1BFB-49D6-B78C-FC43F3D8F639}.Debug|iPhone.ActiveCfg = Debug|Any CPU
		{6D111169-1BFB-49D6-B78C-FC43F3D8F639}.Debug|iPhone.Build.0 = Debug|Any CPU
		{6D111169-1BFB-49D6-B78C-FC43F3D8F639}.Release|iPhone.ActiveCfg = Release|Any CPU
		{6D111169-1BFB-49D6-B78C-FC43F3D8F639}.Release|iPhone.Build.0 = Release|Any CPU
		{FDC6AF1C-3EA2-4C3B-9AA5-248DB0EE73BA}.Debug|Any CPU.ActiveCfg = Debug|Any CPU
		{FDC6AF1C-3EA2-4C3B-9AA5-248DB0EE73BA}.Debug|Any CPU.Build.0 = Debug|Any CPU
		{FDC6AF1C-3EA2-4C3B-9AA5-248DB0EE73BA}.Release|Any CPU.ActiveCfg = Release|Any CPU
		{FDC6AF1C-3EA2-4C3B-9AA5-248DB0EE73BA}.Release|Any CPU.Build.0 = Release|Any CPU
		{FDC6AF1C-3EA2-4C3B-9AA5-248DB0EE73BA}.Debug|iPhoneSimulator.ActiveCfg = Debug|Any CPU
		{FDC6AF1C-3EA2-4C3B-9AA5-248DB0EE73BA}.Debug|iPhoneSimulator.Build.0 = Debug|Any CPU
		{FDC6AF1C-3EA2-4C3B-9AA5-248DB0EE73BA}.Release|iPhoneSimulator.ActiveCfg = Release|Any CPU
		{FDC6AF1C-3EA2-4C3B-9AA5-248DB0EE73BA}.Release|iPhoneSimulator.Build.0 = Release|Any CPU
		{FDC6AF1C-3EA2-4C3B-9AA5-248DB0EE73BA}.Debug|iPhone.ActiveCfg = Debug|Any CPU
		{FDC6AF1C-3EA2-4C3B-9AA5-248DB0EE73BA}.Debug|iPhone.Build.0 = Debug|Any CPU
		{FDC6AF1C-3EA2-4C3B-9AA5-248DB0EE73BA}.Release|iPhone.ActiveCfg = Release|Any CPU
		{FDC6AF1C-3EA2-4C3B-9AA5-248DB0EE73BA}.Release|iPhone.Build.0 = Release|Any CPU
		{4093290B-EAAF-43BB-8C89-16DED9FE3982}.Debug|Any CPU.ActiveCfg = Debug|Any CPU
		{4093290B-EAAF-43BB-8C89-16DED9FE3982}.Debug|Any CPU.Build.0 = Debug|Any CPU
		{4093290B-EAAF-43BB-8C89-16DED9FE3982}.Release|Any CPU.ActiveCfg = Release|Any CPU
		{4093290B-EAAF-43BB-8C89-16DED9FE3982}.Release|Any CPU.Build.0 = Release|Any CPU
		{4093290B-EAAF-43BB-8C89-16DED9FE3982}.Debug|iPhoneSimulator.ActiveCfg = Debug|Any CPU
		{4093290B-EAAF-43BB-8C89-16DED9FE3982}.Debug|iPhoneSimulator.Build.0 = Debug|Any CPU
		{4093290B-EAAF-43BB-8C89-16DED9FE3982}.Release|iPhoneSimulator.ActiveCfg = Release|Any CPU
		{4093290B-EAAF-43BB-8C89-16DED9FE3982}.Release|iPhoneSimulator.Build.0 = Release|Any CPU
		{4093290B-EAAF-43BB-8C89-16DED9FE3982}.Debug|iPhone.ActiveCfg = Debug|Any CPU
		{4093290B-EAAF-43BB-8C89-16DED9FE3982}.Debug|iPhone.Build.0 = Debug|Any CPU
		{4093290B-EAAF-43BB-8C89-16DED9FE3982}.Release|iPhone.ActiveCfg = Release|Any CPU
		{4093290B-EAAF-43BB-8C89-16DED9FE3982}.Release|iPhone.Build.0 = Release|Any CPU
	EndGlobalSection
	GlobalSection(SolutionProperties) = preSolution
		HideSolutionNode = FALSE
	EndGlobalSection
	GlobalSection(ExtensibilityGlobals) = postSolution
		SolutionGuid = {1B02F7C0-8D70-43F5-A6E3-0BD375075B47}
	EndGlobalSection
	GlobalSection(NestedProjects) = preSolution
		{5E3A32C2-9783-4F69-B6F9-E97DF3972A49} = {1E30E4E1-D64A-4318-82B2-360604887C8B}
		{5DD1B7C5-AA4A-44D4-8075-EA57FA6D7E36} = {1E30E4E1-D64A-4318-82B2-360604887C8B}
		{EED39460-07EC-41D8-ABC4-3CB4A261278E} = {1E30E4E1-D64A-4318-82B2-360604887C8B}
	EndGlobalSection
EndGlobal
