
Microsoft Visual Studio Solution File, Format Version 12.00
# Visual Studio Version 16
VisualStudioVersion = 16.0.809.6
MinimumVisualStudioVersion = 10.0.40219.1
Project("{2150E333-8FDC-42A3-9474-1A3956D46DE8}") = "src", "src", "{FAE22AD1-BBB8-4890-90FF-1C1BDD23BC92}"
EndProject
Project("{2150E333-8FDC-42A3-9474-1A3956D46DE8}") = "Server", "Server", "{027C4270-0F91-48FD-BC07-141E6631A743}"
EndProject
Project("{2150E333-8FDC-42A3-9474-1A3956D46DE8}") = "SharedKernel", "SharedKernel", "{D311A494-F342-4B0A-8A9F-045AD1D91C9E}"
EndProject
Project("{2150E333-8FDC-42A3-9474-1A3956D46DE8}") = "docs", "docs", "{4AFBEECD-592B-4998-8D8D-8ABB6F8F5D53}"
	ProjectSection(SolutionItems) = preProject
		LICENSE = LICENSE
		README.md = README.md
	EndProjectSection
EndProject
Project("{2150E333-8FDC-42A3-9474-1A3956D46DE8}") = "App", "App", "{450746A8-E3B5-43CD-A579-94DF990BA5DC}"
EndProject
Project("{2150E333-8FDC-42A3-9474-1A3956D46DE8}") = "tests", "tests", "{8E7291B9-A6C0-4CC8-924A-950BB1F743EA}"
EndProject
Project("{2150E333-8FDC-42A3-9474-1A3956D46DE8}") = "Server", "Server", "{93DA493D-F970-45DE-9862-0181F8C397ED}"
EndProject
Project("{2150E333-8FDC-42A3-9474-1A3956D46DE8}") = "SharedKernel", "SharedKernel", "{F8C3E383-C583-40DB-9BAA-D817746BEAC4}"
EndProject
Project("{FAE04EC0-301F-11D3-BF4B-00C04F79EFBC}") = "SharedKernel", "src\SharedKernel\SharedKernel.csproj", "{922CB266-E014-49AA-891C-8DCB4317B924}"
EndProject
Project("{FAE04EC0-301F-11D3-BF4B-00C04F79EFBC}") = "SharedKernel.Test", "tests\SharedKernel.Test\SharedKernel.Test.csproj", "{87720F14-0489-440F-9347-B82BA75CB3B7}"
EndProject
Project("{FAE04EC0-301F-11D3-BF4B-00C04F79EFBC}") = "SharedKernel.Security", "src\SharedKernel.Security\SharedKernel.Security.csproj", "{608F41D7-0AE3-47E3-9DFB-DA4024F015EB}"
EndProject
Project("{FAE04EC0-301F-11D3-BF4B-00C04F79EFBC}") = "SharedKernel.Security.Test", "tests\SharedKernel.Security.Test\SharedKernel.Security.Test.csproj", "{EBAEC906-5ABC-44A1-B1D4-7F9B03B6C8F2}"
EndProject
Project("{FAE04EC0-301F-11D3-BF4B-00C04F79EFBC}") = "App.Services", "src\App.Services\App.Services.csproj", "{6B9B39C1-D4DE-4553-9AEE-56CF0552E916}"
EndProject
Project("{FAE04EC0-301F-11D3-BF4B-00C04F79EFBC}") = "App.BlazorWasm", "src\App.BlazorWasm\App.BlazorWasm.csproj", "{C13B7E35-711B-4BD9-A8F3-AF78CA678311}"
EndProject
Project("{FAE04EC0-301F-11D3-BF4B-00C04F79EFBC}") = "Server.Domain", "src\Server.Domain\Server.Domain.csproj", "{545C9E17-91B4-4707-864E-84EBB94A0E49}"
EndProject
Project("{FAE04EC0-301F-11D3-BF4B-00C04F79EFBC}") = "Server.Infrastructure", "src\Server.Infrastructure\Server.Infrastructure.csproj", "{CEF1743F-1A88-4895-BC75-59C93351F928}"
EndProject
Project("{FAE04EC0-301F-11D3-BF4B-00C04F79EFBC}") = "Server.Application", "src\Server.Application\Server.Application.csproj", "{65E3CF36-BD3C-45F9-B8DE-03C7332AB3A6}"
EndProject
Project("{FAE04EC0-301F-11D3-BF4B-00C04F79EFBC}") = "Server.Persistence", "src\Server.Persistence\Server.Persistence.csproj", "{15E0D9B3-C667-4615-8FB7-5372196966B2}"
EndProject
Project("{FAE04EC0-301F-11D3-BF4B-00C04F79EFBC}") = "Server", "src\Server\Server.csproj", "{E875994F-DCAC-45D2-AAAD-17EF52B1778E}"
EndProject
Project("{2150E333-8FDC-42A3-9474-1A3956D46DE8}") = "App", "App", "{466B0626-EB9E-467D-AE0C-22CC61A0DB68}"
EndProject
Project("{FAE04EC0-301F-11D3-BF4B-00C04F79EFBC}") = "Server.Application.Test", "tests\Server.Application.Test\Server.Application.Test.csproj", "{96095CB0-6195-458C-A451-788616D06FFA}"
EndProject
Project("{FAE04EC0-301F-11D3-BF4B-00C04F79EFBC}") = "Server.Domain.Test", "tests\Server.Domain.Test\Server.Domain.Test.csproj", "{7F1197E0-2A01-49B7-9C8C-489853447DBC}"
EndProject
Project("{FAE04EC0-301F-11D3-BF4B-00C04F79EFBC}") = "Server.Infrastructure.Test", "tests\Server.Infrastructure.Test\Server.Infrastructure.Test.csproj", "{7CCEED59-CBAC-40EF-8A7F-E811CA9A3EF0}"
EndProject
Project("{FAE04EC0-301F-11D3-BF4B-00C04F79EFBC}") = "Server.Persistence.Test", "tests\Server.Persistence.Test\Server.Persistence.Test.csproj", "{1D64CF44-EECB-40A2-80F3-42F0E5ECDD43}"
EndProject
Project("{FAE04EC0-301F-11D3-BF4B-00C04F79EFBC}") = "Server.Test", "tests\Server.Test\Server.Test.csproj", "{F691927D-44A3-4242-990B-D182D9C7DFFC}"
EndProject
Project("{FAE04EC0-301F-11D3-BF4B-00C04F79EFBC}") = "Server.Test.Functional", "tests\Server.Test.Functional\Server.Test.Functional.csproj", "{0313A9E3-4BC7-4A90-B980-0A27531A20F1}"
EndProject
Global
	GlobalSection(SolutionConfigurationPlatforms) = preSolution
		Debug|Any CPU = Debug|Any CPU
		Release|Any CPU = Release|Any CPU
		Debug|iPhoneSimulator = Debug|iPhoneSimulator
		Release|iPhoneSimulator = Release|iPhoneSimulator
		Debug|iPhone = Debug|iPhone
		Release|iPhone = Release|iPhone
	EndGlobalSection
	GlobalSection(ProjectConfigurationPlatforms) = postSolution
		{922CB266-E014-49AA-891C-8DCB4317B924}.Debug|Any CPU.ActiveCfg = Debug|Any CPU
		{922CB266-E014-49AA-891C-8DCB4317B924}.Debug|Any CPU.Build.0 = Debug|Any CPU
		{922CB266-E014-49AA-891C-8DCB4317B924}.Release|Any CPU.ActiveCfg = Release|Any CPU
		{922CB266-E014-49AA-891C-8DCB4317B924}.Release|Any CPU.Build.0 = Release|Any CPU
		{922CB266-E014-49AA-891C-8DCB4317B924}.Debug|iPhoneSimulator.ActiveCfg = Debug|Any CPU
		{922CB266-E014-49AA-891C-8DCB4317B924}.Debug|iPhoneSimulator.Build.0 = Debug|Any CPU
		{922CB266-E014-49AA-891C-8DCB4317B924}.Release|iPhoneSimulator.ActiveCfg = Release|Any CPU
		{922CB266-E014-49AA-891C-8DCB4317B924}.Release|iPhoneSimulator.Build.0 = Release|Any CPU
		{922CB266-E014-49AA-891C-8DCB4317B924}.Debug|iPhone.ActiveCfg = Debug|Any CPU
		{922CB266-E014-49AA-891C-8DCB4317B924}.Debug|iPhone.Build.0 = Debug|Any CPU
		{922CB266-E014-49AA-891C-8DCB4317B924}.Release|iPhone.ActiveCfg = Release|Any CPU
		{922CB266-E014-49AA-891C-8DCB4317B924}.Release|iPhone.Build.0 = Release|Any CPU
		{87720F14-0489-440F-9347-B82BA75CB3B7}.Debug|Any CPU.ActiveCfg = Debug|Any CPU
		{87720F14-0489-440F-9347-B82BA75CB3B7}.Debug|Any CPU.Build.0 = Debug|Any CPU
		{87720F14-0489-440F-9347-B82BA75CB3B7}.Release|Any CPU.ActiveCfg = Release|Any CPU
		{87720F14-0489-440F-9347-B82BA75CB3B7}.Release|Any CPU.Build.0 = Release|Any CPU
		{87720F14-0489-440F-9347-B82BA75CB3B7}.Debug|iPhoneSimulator.ActiveCfg = Debug|Any CPU
		{87720F14-0489-440F-9347-B82BA75CB3B7}.Debug|iPhoneSimulator.Build.0 = Debug|Any CPU
		{87720F14-0489-440F-9347-B82BA75CB3B7}.Release|iPhoneSimulator.ActiveCfg = Release|Any CPU
		{87720F14-0489-440F-9347-B82BA75CB3B7}.Release|iPhoneSimulator.Build.0 = Release|Any CPU
		{87720F14-0489-440F-9347-B82BA75CB3B7}.Debug|iPhone.ActiveCfg = Debug|Any CPU
		{87720F14-0489-440F-9347-B82BA75CB3B7}.Debug|iPhone.Build.0 = Debug|Any CPU
		{87720F14-0489-440F-9347-B82BA75CB3B7}.Release|iPhone.ActiveCfg = Release|Any CPU
		{87720F14-0489-440F-9347-B82BA75CB3B7}.Release|iPhone.Build.0 = Release|Any CPU
		{608F41D7-0AE3-47E3-9DFB-DA4024F015EB}.Debug|Any CPU.ActiveCfg = Debug|Any CPU
		{608F41D7-0AE3-47E3-9DFB-DA4024F015EB}.Debug|Any CPU.Build.0 = Debug|Any CPU
		{608F41D7-0AE3-47E3-9DFB-DA4024F015EB}.Release|Any CPU.ActiveCfg = Release|Any CPU
		{608F41D7-0AE3-47E3-9DFB-DA4024F015EB}.Release|Any CPU.Build.0 = Release|Any CPU
		{608F41D7-0AE3-47E3-9DFB-DA4024F015EB}.Debug|iPhoneSimulator.ActiveCfg = Debug|Any CPU
		{608F41D7-0AE3-47E3-9DFB-DA4024F015EB}.Debug|iPhoneSimulator.Build.0 = Debug|Any CPU
		{608F41D7-0AE3-47E3-9DFB-DA4024F015EB}.Release|iPhoneSimulator.ActiveCfg = Release|Any CPU
		{608F41D7-0AE3-47E3-9DFB-DA4024F015EB}.Release|iPhoneSimulator.Build.0 = Release|Any CPU
		{608F41D7-0AE3-47E3-9DFB-DA4024F015EB}.Debug|iPhone.ActiveCfg = Debug|Any CPU
		{608F41D7-0AE3-47E3-9DFB-DA4024F015EB}.Debug|iPhone.Build.0 = Debug|Any CPU
		{608F41D7-0AE3-47E3-9DFB-DA4024F015EB}.Release|iPhone.ActiveCfg = Release|Any CPU
		{608F41D7-0AE3-47E3-9DFB-DA4024F015EB}.Release|iPhone.Build.0 = Release|Any CPU
		{EBAEC906-5ABC-44A1-B1D4-7F9B03B6C8F2}.Debug|Any CPU.ActiveCfg = Debug|Any CPU
		{EBAEC906-5ABC-44A1-B1D4-7F9B03B6C8F2}.Debug|Any CPU.Build.0 = Debug|Any CPU
		{EBAEC906-5ABC-44A1-B1D4-7F9B03B6C8F2}.Release|Any CPU.ActiveCfg = Release|Any CPU
		{EBAEC906-5ABC-44A1-B1D4-7F9B03B6C8F2}.Release|Any CPU.Build.0 = Release|Any CPU
		{EBAEC906-5ABC-44A1-B1D4-7F9B03B6C8F2}.Debug|iPhoneSimulator.ActiveCfg = Debug|Any CPU
		{EBAEC906-5ABC-44A1-B1D4-7F9B03B6C8F2}.Debug|iPhoneSimulator.Build.0 = Debug|Any CPU
		{EBAEC906-5ABC-44A1-B1D4-7F9B03B6C8F2}.Release|iPhoneSimulator.ActiveCfg = Release|Any CPU
		{EBAEC906-5ABC-44A1-B1D4-7F9B03B6C8F2}.Release|iPhoneSimulator.Build.0 = Release|Any CPU
		{EBAEC906-5ABC-44A1-B1D4-7F9B03B6C8F2}.Debug|iPhone.ActiveCfg = Debug|Any CPU
		{EBAEC906-5ABC-44A1-B1D4-7F9B03B6C8F2}.Debug|iPhone.Build.0 = Debug|Any CPU
		{EBAEC906-5ABC-44A1-B1D4-7F9B03B6C8F2}.Release|iPhone.ActiveCfg = Release|Any CPU
		{EBAEC906-5ABC-44A1-B1D4-7F9B03B6C8F2}.Release|iPhone.Build.0 = Release|Any CPU
		{6B9B39C1-D4DE-4553-9AEE-56CF0552E916}.Debug|Any CPU.ActiveCfg = Debug|Any CPU
		{6B9B39C1-D4DE-4553-9AEE-56CF0552E916}.Debug|Any CPU.Build.0 = Debug|Any CPU
		{6B9B39C1-D4DE-4553-9AEE-56CF0552E916}.Release|Any CPU.ActiveCfg = Release|Any CPU
		{6B9B39C1-D4DE-4553-9AEE-56CF0552E916}.Release|Any CPU.Build.0 = Release|Any CPU
		{6B9B39C1-D4DE-4553-9AEE-56CF0552E916}.Debug|iPhoneSimulator.ActiveCfg = Debug|Any CPU
		{6B9B39C1-D4DE-4553-9AEE-56CF0552E916}.Debug|iPhoneSimulator.Build.0 = Debug|Any CPU
		{6B9B39C1-D4DE-4553-9AEE-56CF0552E916}.Release|iPhoneSimulator.ActiveCfg = Release|Any CPU
		{6B9B39C1-D4DE-4553-9AEE-56CF0552E916}.Release|iPhoneSimulator.Build.0 = Release|Any CPU
		{6B9B39C1-D4DE-4553-9AEE-56CF0552E916}.Debug|iPhone.ActiveCfg = Debug|Any CPU
		{6B9B39C1-D4DE-4553-9AEE-56CF0552E916}.Debug|iPhone.Build.0 = Debug|Any CPU
		{6B9B39C1-D4DE-4553-9AEE-56CF0552E916}.Release|iPhone.ActiveCfg = Release|Any CPU
		{6B9B39C1-D4DE-4553-9AEE-56CF0552E916}.Release|iPhone.Build.0 = Release|Any CPU
		{C13B7E35-711B-4BD9-A8F3-AF78CA678311}.Debug|Any CPU.ActiveCfg = Debug|Any CPU
		{C13B7E35-711B-4BD9-A8F3-AF78CA678311}.Debug|Any CPU.Build.0 = Debug|Any CPU
		{C13B7E35-711B-4BD9-A8F3-AF78CA678311}.Release|Any CPU.ActiveCfg = Release|Any CPU
		{C13B7E35-711B-4BD9-A8F3-AF78CA678311}.Release|Any CPU.Build.0 = Release|Any CPU
		{C13B7E35-711B-4BD9-A8F3-AF78CA678311}.Debug|iPhoneSimulator.ActiveCfg = Debug|Any CPU
		{C13B7E35-711B-4BD9-A8F3-AF78CA678311}.Debug|iPhoneSimulator.Build.0 = Debug|Any CPU
		{C13B7E35-711B-4BD9-A8F3-AF78CA678311}.Release|iPhoneSimulator.ActiveCfg = Release|Any CPU
		{C13B7E35-711B-4BD9-A8F3-AF78CA678311}.Release|iPhoneSimulator.Build.0 = Release|Any CPU
		{C13B7E35-711B-4BD9-A8F3-AF78CA678311}.Debug|iPhone.ActiveCfg = Debug|Any CPU
		{C13B7E35-711B-4BD9-A8F3-AF78CA678311}.Debug|iPhone.Build.0 = Debug|Any CPU
		{C13B7E35-711B-4BD9-A8F3-AF78CA678311}.Release|iPhone.ActiveCfg = Release|Any CPU
		{C13B7E35-711B-4BD9-A8F3-AF78CA678311}.Release|iPhone.Build.0 = Release|Any CPU
		{545C9E17-91B4-4707-864E-84EBB94A0E49}.Debug|Any CPU.ActiveCfg = Debug|Any CPU
		{545C9E17-91B4-4707-864E-84EBB94A0E49}.Debug|Any CPU.Build.0 = Debug|Any CPU
		{545C9E17-91B4-4707-864E-84EBB94A0E49}.Release|Any CPU.ActiveCfg = Release|Any CPU
		{545C9E17-91B4-4707-864E-84EBB94A0E49}.Release|Any CPU.Build.0 = Release|Any CPU
		{545C9E17-91B4-4707-864E-84EBB94A0E49}.Debug|iPhoneSimulator.ActiveCfg = Debug|Any CPU
		{545C9E17-91B4-4707-864E-84EBB94A0E49}.Debug|iPhoneSimulator.Build.0 = Debug|Any CPU
		{545C9E17-91B4-4707-864E-84EBB94A0E49}.Release|iPhoneSimulator.ActiveCfg = Release|Any CPU
		{545C9E17-91B4-4707-864E-84EBB94A0E49}.Release|iPhoneSimulator.Build.0 = Release|Any CPU
		{545C9E17-91B4-4707-864E-84EBB94A0E49}.Debug|iPhone.ActiveCfg = Debug|Any CPU
		{545C9E17-91B4-4707-864E-84EBB94A0E49}.Debug|iPhone.Build.0 = Debug|Any CPU
		{545C9E17-91B4-4707-864E-84EBB94A0E49}.Release|iPhone.ActiveCfg = Release|Any CPU
		{545C9E17-91B4-4707-864E-84EBB94A0E49}.Release|iPhone.Build.0 = Release|Any CPU
		{CEF1743F-1A88-4895-BC75-59C93351F928}.Debug|Any CPU.ActiveCfg = Debug|Any CPU
		{CEF1743F-1A88-4895-BC75-59C93351F928}.Debug|Any CPU.Build.0 = Debug|Any CPU
		{CEF1743F-1A88-4895-BC75-59C93351F928}.Release|Any CPU.ActiveCfg = Release|Any CPU
		{CEF1743F-1A88-4895-BC75-59C93351F928}.Release|Any CPU.Build.0 = Release|Any CPU
		{CEF1743F-1A88-4895-BC75-59C93351F928}.Debug|iPhoneSimulator.ActiveCfg = Debug|Any CPU
		{CEF1743F-1A88-4895-BC75-59C93351F928}.Debug|iPhoneSimulator.Build.0 = Debug|Any CPU
		{CEF1743F-1A88-4895-BC75-59C93351F928}.Release|iPhoneSimulator.ActiveCfg = Release|Any CPU
		{CEF1743F-1A88-4895-BC75-59C93351F928}.Release|iPhoneSimulator.Build.0 = Release|Any CPU
		{CEF1743F-1A88-4895-BC75-59C93351F928}.Debug|iPhone.ActiveCfg = Debug|Any CPU
		{CEF1743F-1A88-4895-BC75-59C93351F928}.Debug|iPhone.Build.0 = Debug|Any CPU
		{CEF1743F-1A88-4895-BC75-59C93351F928}.Release|iPhone.ActiveCfg = Release|Any CPU
		{CEF1743F-1A88-4895-BC75-59C93351F928}.Release|iPhone.Build.0 = Release|Any CPU
		{65E3CF36-BD3C-45F9-B8DE-03C7332AB3A6}.Debug|Any CPU.ActiveCfg = Debug|Any CPU
		{65E3CF36-BD3C-45F9-B8DE-03C7332AB3A6}.Debug|Any CPU.Build.0 = Debug|Any CPU
		{65E3CF36-BD3C-45F9-B8DE-03C7332AB3A6}.Release|Any CPU.ActiveCfg = Release|Any CPU
		{65E3CF36-BD3C-45F9-B8DE-03C7332AB3A6}.Release|Any CPU.Build.0 = Release|Any CPU
		{65E3CF36-BD3C-45F9-B8DE-03C7332AB3A6}.Debug|iPhoneSimulator.ActiveCfg = Debug|Any CPU
		{65E3CF36-BD3C-45F9-B8DE-03C7332AB3A6}.Debug|iPhoneSimulator.Build.0 = Debug|Any CPU
		{65E3CF36-BD3C-45F9-B8DE-03C7332AB3A6}.Release|iPhoneSimulator.ActiveCfg = Release|Any CPU
		{65E3CF36-BD3C-45F9-B8DE-03C7332AB3A6}.Release|iPhoneSimulator.Build.0 = Release|Any CPU
		{65E3CF36-BD3C-45F9-B8DE-03C7332AB3A6}.Debug|iPhone.ActiveCfg = Debug|Any CPU
		{65E3CF36-BD3C-45F9-B8DE-03C7332AB3A6}.Debug|iPhone.Build.0 = Debug|Any CPU
		{65E3CF36-BD3C-45F9-B8DE-03C7332AB3A6}.Release|iPhone.ActiveCfg = Release|Any CPU
		{65E3CF36-BD3C-45F9-B8DE-03C7332AB3A6}.Release|iPhone.Build.0 = Release|Any CPU
		{15E0D9B3-C667-4615-8FB7-5372196966B2}.Debug|Any CPU.ActiveCfg = Debug|Any CPU
		{15E0D9B3-C667-4615-8FB7-5372196966B2}.Debug|Any CPU.Build.0 = Debug|Any CPU
		{15E0D9B3-C667-4615-8FB7-5372196966B2}.Release|Any CPU.ActiveCfg = Release|Any CPU
		{15E0D9B3-C667-4615-8FB7-5372196966B2}.Release|Any CPU.Build.0 = Release|Any CPU
		{15E0D9B3-C667-4615-8FB7-5372196966B2}.Debug|iPhoneSimulator.ActiveCfg = Debug|Any CPU
		{15E0D9B3-C667-4615-8FB7-5372196966B2}.Debug|iPhoneSimulator.Build.0 = Debug|Any CPU
		{15E0D9B3-C667-4615-8FB7-5372196966B2}.Release|iPhoneSimulator.ActiveCfg = Release|Any CPU
		{15E0D9B3-C667-4615-8FB7-5372196966B2}.Release|iPhoneSimulator.Build.0 = Release|Any CPU
		{15E0D9B3-C667-4615-8FB7-5372196966B2}.Debug|iPhone.ActiveCfg = Debug|Any CPU
		{15E0D9B3-C667-4615-8FB7-5372196966B2}.Debug|iPhone.Build.0 = Debug|Any CPU
		{15E0D9B3-C667-4615-8FB7-5372196966B2}.Release|iPhone.ActiveCfg = Release|Any CPU
		{15E0D9B3-C667-4615-8FB7-5372196966B2}.Release|iPhone.Build.0 = Release|Any CPU
		{E875994F-DCAC-45D2-AAAD-17EF52B1778E}.Debug|Any CPU.ActiveCfg = Debug|Any CPU
		{E875994F-DCAC-45D2-AAAD-17EF52B1778E}.Debug|Any CPU.Build.0 = Debug|Any CPU
		{E875994F-DCAC-45D2-AAAD-17EF52B1778E}.Release|Any CPU.ActiveCfg = Release|Any CPU
		{E875994F-DCAC-45D2-AAAD-17EF52B1778E}.Release|Any CPU.Build.0 = Release|Any CPU
		{E875994F-DCAC-45D2-AAAD-17EF52B1778E}.Debug|iPhoneSimulator.ActiveCfg = Debug|Any CPU
		{E875994F-DCAC-45D2-AAAD-17EF52B1778E}.Debug|iPhoneSimulator.Build.0 = Debug|Any CPU
		{E875994F-DCAC-45D2-AAAD-17EF52B1778E}.Release|iPhoneSimulator.ActiveCfg = Release|Any CPU
		{E875994F-DCAC-45D2-AAAD-17EF52B1778E}.Release|iPhoneSimulator.Build.0 = Release|Any CPU
		{E875994F-DCAC-45D2-AAAD-17EF52B1778E}.Debug|iPhone.ActiveCfg = Debug|Any CPU
		{E875994F-DCAC-45D2-AAAD-17EF52B1778E}.Debug|iPhone.Build.0 = Debug|Any CPU
		{E875994F-DCAC-45D2-AAAD-17EF52B1778E}.Release|iPhone.ActiveCfg = Release|Any CPU
		{E875994F-DCAC-45D2-AAAD-17EF52B1778E}.Release|iPhone.Build.0 = Release|Any CPU
		{96095CB0-6195-458C-A451-788616D06FFA}.Debug|Any CPU.ActiveCfg = Debug|Any CPU
		{96095CB0-6195-458C-A451-788616D06FFA}.Debug|Any CPU.Build.0 = Debug|Any CPU
		{96095CB0-6195-458C-A451-788616D06FFA}.Release|Any CPU.ActiveCfg = Release|Any CPU
		{96095CB0-6195-458C-A451-788616D06FFA}.Release|Any CPU.Build.0 = Release|Any CPU
		{96095CB0-6195-458C-A451-788616D06FFA}.Debug|iPhoneSimulator.ActiveCfg = Debug|Any CPU
		{96095CB0-6195-458C-A451-788616D06FFA}.Debug|iPhoneSimulator.Build.0 = Debug|Any CPU
		{96095CB0-6195-458C-A451-788616D06FFA}.Release|iPhoneSimulator.ActiveCfg = Release|Any CPU
		{96095CB0-6195-458C-A451-788616D06FFA}.Release|iPhoneSimulator.Build.0 = Release|Any CPU
		{96095CB0-6195-458C-A451-788616D06FFA}.Debug|iPhone.ActiveCfg = Debug|Any CPU
		{96095CB0-6195-458C-A451-788616D06FFA}.Debug|iPhone.Build.0 = Debug|Any CPU
		{96095CB0-6195-458C-A451-788616D06FFA}.Release|iPhone.ActiveCfg = Release|Any CPU
		{96095CB0-6195-458C-A451-788616D06FFA}.Release|iPhone.Build.0 = Release|Any CPU
		{7F1197E0-2A01-49B7-9C8C-489853447DBC}.Debug|Any CPU.ActiveCfg = Debug|Any CPU
		{7F1197E0-2A01-49B7-9C8C-489853447DBC}.Debug|Any CPU.Build.0 = Debug|Any CPU
		{7F1197E0-2A01-49B7-9C8C-489853447DBC}.Release|Any CPU.ActiveCfg = Release|Any CPU
		{7F1197E0-2A01-49B7-9C8C-489853447DBC}.Release|Any CPU.Build.0 = Release|Any CPU
		{7F1197E0-2A01-49B7-9C8C-489853447DBC}.Debug|iPhoneSimulator.ActiveCfg = Debug|Any CPU
		{7F1197E0-2A01-49B7-9C8C-489853447DBC}.Debug|iPhoneSimulator.Build.0 = Debug|Any CPU
		{7F1197E0-2A01-49B7-9C8C-489853447DBC}.Release|iPhoneSimulator.ActiveCfg = Release|Any CPU
		{7F1197E0-2A01-49B7-9C8C-489853447DBC}.Release|iPhoneSimulator.Build.0 = Release|Any CPU
		{7F1197E0-2A01-49B7-9C8C-489853447DBC}.Debug|iPhone.ActiveCfg = Debug|Any CPU
		{7F1197E0-2A01-49B7-9C8C-489853447DBC}.Debug|iPhone.Build.0 = Debug|Any CPU
		{7F1197E0-2A01-49B7-9C8C-489853447DBC}.Release|iPhone.ActiveCfg = Release|Any CPU
		{7F1197E0-2A01-49B7-9C8C-489853447DBC}.Release|iPhone.Build.0 = Release|Any CPU
		{7CCEED59-CBAC-40EF-8A7F-E811CA9A3EF0}.Debug|Any CPU.ActiveCfg = Debug|Any CPU
		{7CCEED59-CBAC-40EF-8A7F-E811CA9A3EF0}.Debug|Any CPU.Build.0 = Debug|Any CPU
		{7CCEED59-CBAC-40EF-8A7F-E811CA9A3EF0}.Release|Any CPU.ActiveCfg = Release|Any CPU
		{7CCEED59-CBAC-40EF-8A7F-E811CA9A3EF0}.Release|Any CPU.Build.0 = Release|Any CPU
		{7CCEED59-CBAC-40EF-8A7F-E811CA9A3EF0}.Debug|iPhoneSimulator.ActiveCfg = Debug|Any CPU
		{7CCEED59-CBAC-40EF-8A7F-E811CA9A3EF0}.Debug|iPhoneSimulator.Build.0 = Debug|Any CPU
		{7CCEED59-CBAC-40EF-8A7F-E811CA9A3EF0}.Release|iPhoneSimulator.ActiveCfg = Release|Any CPU
		{7CCEED59-CBAC-40EF-8A7F-E811CA9A3EF0}.Release|iPhoneSimulator.Build.0 = Release|Any CPU
		{7CCEED59-CBAC-40EF-8A7F-E811CA9A3EF0}.Debug|iPhone.ActiveCfg = Debug|Any CPU
		{7CCEED59-CBAC-40EF-8A7F-E811CA9A3EF0}.Debug|iPhone.Build.0 = Debug|Any CPU
		{7CCEED59-CBAC-40EF-8A7F-E811CA9A3EF0}.Release|iPhone.ActiveCfg = Release|Any CPU
		{7CCEED59-CBAC-40EF-8A7F-E811CA9A3EF0}.Release|iPhone.Build.0 = Release|Any CPU
		{1D64CF44-EECB-40A2-80F3-42F0E5ECDD43}.Debug|Any CPU.ActiveCfg = Debug|Any CPU
		{1D64CF44-EECB-40A2-80F3-42F0E5ECDD43}.Debug|Any CPU.Build.0 = Debug|Any CPU
		{1D64CF44-EECB-40A2-80F3-42F0E5ECDD43}.Release|Any CPU.ActiveCfg = Release|Any CPU
		{1D64CF44-EECB-40A2-80F3-42F0E5ECDD43}.Release|Any CPU.Build.0 = Release|Any CPU
		{1D64CF44-EECB-40A2-80F3-42F0E5ECDD43}.Debug|iPhoneSimulator.ActiveCfg = Debug|Any CPU
		{1D64CF44-EECB-40A2-80F3-42F0E5ECDD43}.Debug|iPhoneSimulator.Build.0 = Debug|Any CPU
		{1D64CF44-EECB-40A2-80F3-42F0E5ECDD43}.Release|iPhoneSimulator.ActiveCfg = Release|Any CPU
		{1D64CF44-EECB-40A2-80F3-42F0E5ECDD43}.Release|iPhoneSimulator.Build.0 = Release|Any CPU
		{1D64CF44-EECB-40A2-80F3-42F0E5ECDD43}.Debug|iPhone.ActiveCfg = Debug|Any CPU
		{1D64CF44-EECB-40A2-80F3-42F0E5ECDD43}.Debug|iPhone.Build.0 = Debug|Any CPU
		{1D64CF44-EECB-40A2-80F3-42F0E5ECDD43}.Release|iPhone.ActiveCfg = Release|Any CPU
		{1D64CF44-EECB-40A2-80F3-42F0E5ECDD43}.Release|iPhone.Build.0 = Release|Any CPU
		{F691927D-44A3-4242-990B-D182D9C7DFFC}.Debug|Any CPU.ActiveCfg = Debug|Any CPU
		{F691927D-44A3-4242-990B-D182D9C7DFFC}.Debug|Any CPU.Build.0 = Debug|Any CPU
		{F691927D-44A3-4242-990B-D182D9C7DFFC}.Release|Any CPU.ActiveCfg = Release|Any CPU
		{F691927D-44A3-4242-990B-D182D9C7DFFC}.Release|Any CPU.Build.0 = Release|Any CPU
		{F691927D-44A3-4242-990B-D182D9C7DFFC}.Debug|iPhoneSimulator.ActiveCfg = Debug|Any CPU
		{F691927D-44A3-4242-990B-D182D9C7DFFC}.Debug|iPhoneSimulator.Build.0 = Debug|Any CPU
		{F691927D-44A3-4242-990B-D182D9C7DFFC}.Release|iPhoneSimulator.ActiveCfg = Release|Any CPU
		{F691927D-44A3-4242-990B-D182D9C7DFFC}.Release|iPhoneSimulator.Build.0 = Release|Any CPU
		{F691927D-44A3-4242-990B-D182D9C7DFFC}.Debug|iPhone.ActiveCfg = Debug|Any CPU
		{F691927D-44A3-4242-990B-D182D9C7DFFC}.Debug|iPhone.Build.0 = Debug|Any CPU
		{F691927D-44A3-4242-990B-D182D9C7DFFC}.Release|iPhone.ActiveCfg = Release|Any CPU
		{F691927D-44A3-4242-990B-D182D9C7DFFC}.Release|iPhone.Build.0 = Release|Any CPU
		{0313A9E3-4BC7-4A90-B980-0A27531A20F1}.Debug|Any CPU.ActiveCfg = Debug|Any CPU
		{0313A9E3-4BC7-4A90-B980-0A27531A20F1}.Debug|Any CPU.Build.0 = Debug|Any CPU
		{0313A9E3-4BC7-4A90-B980-0A27531A20F1}.Release|Any CPU.ActiveCfg = Release|Any CPU
		{0313A9E3-4BC7-4A90-B980-0A27531A20F1}.Release|Any CPU.Build.0 = Release|Any CPU
		{0313A9E3-4BC7-4A90-B980-0A27531A20F1}.Debug|iPhoneSimulator.ActiveCfg = Debug|Any CPU
		{0313A9E3-4BC7-4A90-B980-0A27531A20F1}.Debug|iPhoneSimulator.Build.0 = Debug|Any CPU
		{0313A9E3-4BC7-4A90-B980-0A27531A20F1}.Release|iPhoneSimulator.ActiveCfg = Release|Any CPU
		{0313A9E3-4BC7-4A90-B980-0A27531A20F1}.Release|iPhoneSimulator.Build.0 = Release|Any CPU
		{0313A9E3-4BC7-4A90-B980-0A27531A20F1}.Debug|iPhone.ActiveCfg = Debug|Any CPU
		{0313A9E3-4BC7-4A90-B980-0A27531A20F1}.Debug|iPhone.Build.0 = Debug|Any CPU
		{0313A9E3-4BC7-4A90-B980-0A27531A20F1}.Release|iPhone.ActiveCfg = Release|Any CPU
		{0313A9E3-4BC7-4A90-B980-0A27531A20F1}.Release|iPhone.Build.0 = Release|Any CPU
	EndGlobalSection
	GlobalSection(SolutionProperties) = preSolution
		HideSolutionNode = FALSE
	EndGlobalSection
	GlobalSection(ExtensibilityGlobals) = postSolution
		SolutionGuid = {1B02F7C0-8D70-43F5-A6E3-0BD375075B47}
	EndGlobalSection
	GlobalSection(NestedProjects) = preSolution
		{027C4270-0F91-48FD-BC07-141E6631A743} = {FAE22AD1-BBB8-4890-90FF-1C1BDD23BC92}
		{D311A494-F342-4B0A-8A9F-045AD1D91C9E} = {FAE22AD1-BBB8-4890-90FF-1C1BDD23BC92}
		{450746A8-E3B5-43CD-A579-94DF990BA5DC} = {FAE22AD1-BBB8-4890-90FF-1C1BDD23BC92}
		{93DA493D-F970-45DE-9862-0181F8C397ED} = {8E7291B9-A6C0-4CC8-924A-950BB1F743EA}
		{F8C3E383-C583-40DB-9BAA-D817746BEAC4} = {8E7291B9-A6C0-4CC8-924A-950BB1F743EA}
		{922CB266-E014-49AA-891C-8DCB4317B924} = {D311A494-F342-4B0A-8A9F-045AD1D91C9E}
		{87720F14-0489-440F-9347-B82BA75CB3B7} = {F8C3E383-C583-40DB-9BAA-D817746BEAC4}
		{608F41D7-0AE3-47E3-9DFB-DA4024F015EB} = {D311A494-F342-4B0A-8A9F-045AD1D91C9E}
		{EBAEC906-5ABC-44A1-B1D4-7F9B03B6C8F2} = {F8C3E383-C583-40DB-9BAA-D817746BEAC4}
		{6B9B39C1-D4DE-4553-9AEE-56CF0552E916} = {450746A8-E3B5-43CD-A579-94DF990BA5DC}
		{C13B7E35-711B-4BD9-A8F3-AF78CA678311} = {450746A8-E3B5-43CD-A579-94DF990BA5DC}
		{545C9E17-91B4-4707-864E-84EBB94A0E49} = {027C4270-0F91-48FD-BC07-141E6631A743}
		{CEF1743F-1A88-4895-BC75-59C93351F928} = {027C4270-0F91-48FD-BC07-141E6631A743}
		{65E3CF36-BD3C-45F9-B8DE-03C7332AB3A6} = {027C4270-0F91-48FD-BC07-141E6631A743}
		{15E0D9B3-C667-4615-8FB7-5372196966B2} = {027C4270-0F91-48FD-BC07-141E6631A743}
		{E875994F-DCAC-45D2-AAAD-17EF52B1778E} = {027C4270-0F91-48FD-BC07-141E6631A743}
		{466B0626-EB9E-467D-AE0C-22CC61A0DB68} = {8E7291B9-A6C0-4CC8-924A-950BB1F743EA}
		{96095CB0-6195-458C-A451-788616D06FFA} = {93DA493D-F970-45DE-9862-0181F8C397ED}
		{7F1197E0-2A01-49B7-9C8C-489853447DBC} = {93DA493D-F970-45DE-9862-0181F8C397ED}
		{7CCEED59-CBAC-40EF-8A7F-E811CA9A3EF0} = {93DA493D-F970-45DE-9862-0181F8C397ED}
		{1D64CF44-EECB-40A2-80F3-42F0E5ECDD43} = {93DA493D-F970-45DE-9862-0181F8C397ED}
		{F691927D-44A3-4242-990B-D182D9C7DFFC} = {93DA493D-F970-45DE-9862-0181F8C397ED}
		{0313A9E3-4BC7-4A90-B980-0A27531A20F1} = {93DA493D-F970-45DE-9862-0181F8C397ED}
	EndGlobalSection
EndGlobal
