
Microsoft Visual Studio Solution File, Format Version 12.00
# Visual Studio Version 16
VisualStudioVersion = 16.0.809.6
MinimumVisualStudioVersion = 10.0.40219.1
Project("{FAE04EC0-301F-11D3-BF4B-00C04F79EFBC}") = "Domain", "src\Backend\Domain\Domain.csproj", "{C1168782-74B5-4D9B-9B4D-3C4AD39C4099}"
EndProject
Project("{FAE04EC0-301F-11D3-BF4B-00C04F79EFBC}") = "Application", "src\Backend\Application\Application.csproj", "{80F67106-D57C-4D32-B904-9D2F13450F68}"
EndProject
Project("{FAE04EC0-301F-11D3-BF4B-00C04F79EFBC}") = "Application.Test", "src\Backend\Application.Test\Application.Test.csproj", "{50C69646-338A-4998-8AE6-4BCC0397DE46}"
EndProject
Project("{FAE04EC0-301F-11D3-BF4B-00C04F79EFBC}") = "Infrastructure", "src\Backend\Infrastructure\Infrastructure.csproj", "{3593B5BF-9F6E-4EFD-8BCC-5356BCE209A9}"
EndProject
Project("{FAE04EC0-301F-11D3-BF4B-00C04F79EFBC}") = "Infrastructure.Test", "src\Backend\Infrastructure.Test\Infrastructure.Test.csproj", "{E99CE036-FA20-46D1-9741-E64C636BDE01}"
EndProject
Project("{FAE04EC0-301F-11D3-BF4B-00C04F79EFBC}") = "Persistence", "src\Backend\Persistence\Persistence.csproj", "{6545C28D-5B25-4C72-8E17-929D6AE71835}"
EndProject
Project("{FAE04EC0-301F-11D3-BF4B-00C04F79EFBC}") = "Persistence.Test", "src\Backend\Persistence.Test\Persistence.Test.csproj", "{F8C6B1F8-7C99-471F-9C65-A3C467AED179}"
EndProject
Project("{FAE04EC0-301F-11D3-BF4B-00C04F79EFBC}") = "WebApi", "src\Backend\WebApi\WebApi.csproj", "{D48BF60E-9F2D-4224-AE88-DB2C342F2169}"
EndProject
Project("{FAE04EC0-301F-11D3-BF4B-00C04F79EFBC}") = "WebApi.Test", "src\Backend\WebApi.Test\WebApi.Test.csproj", "{F700359B-D75E-4145-9AA1-1C2599DCFADD}"
EndProject
Project("{2150E333-8FDC-42A3-9474-1A3956D46DE8}") = "src", "src", "{FAE22AD1-BBB8-4890-90FF-1C1BDD23BC92}"
EndProject
Project("{2150E333-8FDC-42A3-9474-1A3956D46DE8}") = "Backend", "Backend", "{027C4270-0F91-48FD-BC07-141E6631A743}"
EndProject
Project("{2150E333-8FDC-42A3-9474-1A3956D46DE8}") = "Frontend", "Frontend", "{D311A494-F342-4B0A-8A9F-045AD1D91C9E}"
EndProject
Project("{2150E333-8FDC-42A3-9474-1A3956D46DE8}") = "docs", "docs", "{4AFBEECD-592B-4998-8D8D-8ABB6F8F5D53}"
	ProjectSection(SolutionItems) = preProject
		LICENSE = LICENSE
		README.md = README.md
		FeatureGuideline.md = FeatureGuideline.md
	EndProjectSection
EndProject
Project("{2150E333-8FDC-42A3-9474-1A3956D46DE8}") = "Common", "Common", "{450746A8-E3B5-43CD-A579-94DF990BA5DC}"
EndProject
Project("{FAE04EC0-301F-11D3-BF4B-00C04F79EFBC}") = "WebApi.Test.Functional", "src\Backend\WebApi.Test.Functional\WebApi.Test.Functional.csproj", "{B063A0E4-D130-4288-A9D5-48CE704DA9A6}"
EndProject
Project("{FAE04EC0-301F-11D3-BF4B-00C04F79EFBC}") = "Wasm", "src\Frontend\Wasm\Wasm.csproj", "{C1ECA065-9D5C-4833-B71E-6675697FB9A6}"
EndProject
Project("{FAE04EC0-301F-11D3-BF4B-00C04F79EFBC}") = "UserSecurityLib", "src\Common\UserSecurityLib\UserSecurityLib.csproj", "{A7085E73-BF79-4E5E-9936-BF86F98D81AA}"
EndProject
Project("{FAE04EC0-301F-11D3-BF4B-00C04F79EFBC}") = "UserSecurityLib.Test", "src\Common\UserSecurityLib.Test\UserSecurityLib.Test.csproj", "{24614377-72B0-4CED-9DA5-2E0A004278F0}"
EndProject
Project("{2150E333-8FDC-42A3-9474-1A3956D46DE8}") = "tests", "tests", "{8E7291B9-A6C0-4CC8-924A-950BB1F743EA}"
EndProject
Project("{2150E333-8FDC-42A3-9474-1A3956D46DE8}") = "Backend", "Backend", "{93DA493D-F970-45DE-9862-0181F8C397ED}"
EndProject
Project("{2150E333-8FDC-42A3-9474-1A3956D46DE8}") = "Common", "Common", "{F8C3E383-C583-40DB-9BAA-D817746BEAC4}"
EndProject
Project("{FAE04EC0-301F-11D3-BF4B-00C04F79EFBC}") = "BoundedContext", "src\Common\BoundedContext\BoundedContext.csproj", "{6861997B-F15B-4B3F-9A7C-0E12293DDB36}"
EndProject
Project("{FAE04EC0-301F-11D3-BF4B-00C04F79EFBC}") = "SharedKernel", "src\Common\SharedKernel\SharedKernel.csproj", "{CB936D6E-F96A-46C7-9DCE-C55290969266}"
EndProject
Global
	GlobalSection(SolutionConfigurationPlatforms) = preSolution
		Debug|Any CPU = Debug|Any CPU
		Release|Any CPU = Release|Any CPU
		Debug|iPhoneSimulator = Debug|iPhoneSimulator
		Release|iPhoneSimulator = Release|iPhoneSimulator
		Debug|iPhone = Debug|iPhone
		Release|iPhone = Release|iPhone
	EndGlobalSection
	GlobalSection(ProjectConfigurationPlatforms) = postSolution
		{C1168782-74B5-4D9B-9B4D-3C4AD39C4099}.Debug|Any CPU.ActiveCfg = Debug|Any CPU
		{C1168782-74B5-4D9B-9B4D-3C4AD39C4099}.Debug|Any CPU.Build.0 = Debug|Any CPU
		{C1168782-74B5-4D9B-9B4D-3C4AD39C4099}.Release|Any CPU.ActiveCfg = Release|Any CPU
		{C1168782-74B5-4D9B-9B4D-3C4AD39C4099}.Release|Any CPU.Build.0 = Release|Any CPU
		{C1168782-74B5-4D9B-9B4D-3C4AD39C4099}.Debug|iPhoneSimulator.ActiveCfg = Debug|Any CPU
		{C1168782-74B5-4D9B-9B4D-3C4AD39C4099}.Debug|iPhoneSimulator.Build.0 = Debug|Any CPU
		{C1168782-74B5-4D9B-9B4D-3C4AD39C4099}.Release|iPhoneSimulator.ActiveCfg = Release|Any CPU
		{C1168782-74B5-4D9B-9B4D-3C4AD39C4099}.Release|iPhoneSimulator.Build.0 = Release|Any CPU
		{C1168782-74B5-4D9B-9B4D-3C4AD39C4099}.Debug|iPhone.ActiveCfg = Debug|Any CPU
		{C1168782-74B5-4D9B-9B4D-3C4AD39C4099}.Debug|iPhone.Build.0 = Debug|Any CPU
		{C1168782-74B5-4D9B-9B4D-3C4AD39C4099}.Release|iPhone.ActiveCfg = Release|Any CPU
		{C1168782-74B5-4D9B-9B4D-3C4AD39C4099}.Release|iPhone.Build.0 = Release|Any CPU
		{80F67106-D57C-4D32-B904-9D2F13450F68}.Debug|Any CPU.ActiveCfg = Debug|Any CPU
		{80F67106-D57C-4D32-B904-9D2F13450F68}.Debug|Any CPU.Build.0 = Debug|Any CPU
		{80F67106-D57C-4D32-B904-9D2F13450F68}.Release|Any CPU.ActiveCfg = Release|Any CPU
		{80F67106-D57C-4D32-B904-9D2F13450F68}.Release|Any CPU.Build.0 = Release|Any CPU
		{80F67106-D57C-4D32-B904-9D2F13450F68}.Debug|iPhoneSimulator.ActiveCfg = Debug|Any CPU
		{80F67106-D57C-4D32-B904-9D2F13450F68}.Debug|iPhoneSimulator.Build.0 = Debug|Any CPU
		{80F67106-D57C-4D32-B904-9D2F13450F68}.Release|iPhoneSimulator.ActiveCfg = Release|Any CPU
		{80F67106-D57C-4D32-B904-9D2F13450F68}.Release|iPhoneSimulator.Build.0 = Release|Any CPU
		{80F67106-D57C-4D32-B904-9D2F13450F68}.Debug|iPhone.ActiveCfg = Debug|Any CPU
		{80F67106-D57C-4D32-B904-9D2F13450F68}.Debug|iPhone.Build.0 = Debug|Any CPU
		{80F67106-D57C-4D32-B904-9D2F13450F68}.Release|iPhone.ActiveCfg = Release|Any CPU
		{80F67106-D57C-4D32-B904-9D2F13450F68}.Release|iPhone.Build.0 = Release|Any CPU
		{50C69646-338A-4998-8AE6-4BCC0397DE46}.Debug|Any CPU.ActiveCfg = Debug|Any CPU
		{50C69646-338A-4998-8AE6-4BCC0397DE46}.Debug|Any CPU.Build.0 = Debug|Any CPU
		{50C69646-338A-4998-8AE6-4BCC0397DE46}.Release|Any CPU.ActiveCfg = Release|Any CPU
		{50C69646-338A-4998-8AE6-4BCC0397DE46}.Release|Any CPU.Build.0 = Release|Any CPU
		{50C69646-338A-4998-8AE6-4BCC0397DE46}.Debug|iPhoneSimulator.ActiveCfg = Debug|Any CPU
		{50C69646-338A-4998-8AE6-4BCC0397DE46}.Debug|iPhoneSimulator.Build.0 = Debug|Any CPU
		{50C69646-338A-4998-8AE6-4BCC0397DE46}.Release|iPhoneSimulator.ActiveCfg = Release|Any CPU
		{50C69646-338A-4998-8AE6-4BCC0397DE46}.Release|iPhoneSimulator.Build.0 = Release|Any CPU
		{50C69646-338A-4998-8AE6-4BCC0397DE46}.Debug|iPhone.ActiveCfg = Debug|Any CPU
		{50C69646-338A-4998-8AE6-4BCC0397DE46}.Debug|iPhone.Build.0 = Debug|Any CPU
		{50C69646-338A-4998-8AE6-4BCC0397DE46}.Release|iPhone.ActiveCfg = Release|Any CPU
		{50C69646-338A-4998-8AE6-4BCC0397DE46}.Release|iPhone.Build.0 = Release|Any CPU
		{3593B5BF-9F6E-4EFD-8BCC-5356BCE209A9}.Debug|Any CPU.ActiveCfg = Debug|Any CPU
		{3593B5BF-9F6E-4EFD-8BCC-5356BCE209A9}.Debug|Any CPU.Build.0 = Debug|Any CPU
		{3593B5BF-9F6E-4EFD-8BCC-5356BCE209A9}.Release|Any CPU.ActiveCfg = Release|Any CPU
		{3593B5BF-9F6E-4EFD-8BCC-5356BCE209A9}.Release|Any CPU.Build.0 = Release|Any CPU
		{3593B5BF-9F6E-4EFD-8BCC-5356BCE209A9}.Debug|iPhoneSimulator.ActiveCfg = Debug|Any CPU
		{3593B5BF-9F6E-4EFD-8BCC-5356BCE209A9}.Debug|iPhoneSimulator.Build.0 = Debug|Any CPU
		{3593B5BF-9F6E-4EFD-8BCC-5356BCE209A9}.Release|iPhoneSimulator.ActiveCfg = Release|Any CPU
		{3593B5BF-9F6E-4EFD-8BCC-5356BCE209A9}.Release|iPhoneSimulator.Build.0 = Release|Any CPU
		{3593B5BF-9F6E-4EFD-8BCC-5356BCE209A9}.Debug|iPhone.ActiveCfg = Debug|Any CPU
		{3593B5BF-9F6E-4EFD-8BCC-5356BCE209A9}.Debug|iPhone.Build.0 = Debug|Any CPU
		{3593B5BF-9F6E-4EFD-8BCC-5356BCE209A9}.Release|iPhone.ActiveCfg = Release|Any CPU
		{3593B5BF-9F6E-4EFD-8BCC-5356BCE209A9}.Release|iPhone.Build.0 = Release|Any CPU
		{E99CE036-FA20-46D1-9741-E64C636BDE01}.Debug|Any CPU.ActiveCfg = Debug|Any CPU
		{E99CE036-FA20-46D1-9741-E64C636BDE01}.Debug|Any CPU.Build.0 = Debug|Any CPU
		{E99CE036-FA20-46D1-9741-E64C636BDE01}.Release|Any CPU.ActiveCfg = Release|Any CPU
		{E99CE036-FA20-46D1-9741-E64C636BDE01}.Release|Any CPU.Build.0 = Release|Any CPU
		{E99CE036-FA20-46D1-9741-E64C636BDE01}.Debug|iPhoneSimulator.ActiveCfg = Debug|Any CPU
		{E99CE036-FA20-46D1-9741-E64C636BDE01}.Debug|iPhoneSimulator.Build.0 = Debug|Any CPU
		{E99CE036-FA20-46D1-9741-E64C636BDE01}.Release|iPhoneSimulator.ActiveCfg = Release|Any CPU
		{E99CE036-FA20-46D1-9741-E64C636BDE01}.Release|iPhoneSimulator.Build.0 = Release|Any CPU
		{E99CE036-FA20-46D1-9741-E64C636BDE01}.Debug|iPhone.ActiveCfg = Debug|Any CPU
		{E99CE036-FA20-46D1-9741-E64C636BDE01}.Debug|iPhone.Build.0 = Debug|Any CPU
		{E99CE036-FA20-46D1-9741-E64C636BDE01}.Release|iPhone.ActiveCfg = Release|Any CPU
		{E99CE036-FA20-46D1-9741-E64C636BDE01}.Release|iPhone.Build.0 = Release|Any CPU
		{6545C28D-5B25-4C72-8E17-929D6AE71835}.Debug|Any CPU.ActiveCfg = Debug|Any CPU
		{6545C28D-5B25-4C72-8E17-929D6AE71835}.Debug|Any CPU.Build.0 = Debug|Any CPU
		{6545C28D-5B25-4C72-8E17-929D6AE71835}.Release|Any CPU.ActiveCfg = Release|Any CPU
		{6545C28D-5B25-4C72-8E17-929D6AE71835}.Release|Any CPU.Build.0 = Release|Any CPU
		{6545C28D-5B25-4C72-8E17-929D6AE71835}.Debug|iPhoneSimulator.ActiveCfg = Debug|Any CPU
		{6545C28D-5B25-4C72-8E17-929D6AE71835}.Debug|iPhoneSimulator.Build.0 = Debug|Any CPU
		{6545C28D-5B25-4C72-8E17-929D6AE71835}.Release|iPhoneSimulator.ActiveCfg = Release|Any CPU
		{6545C28D-5B25-4C72-8E17-929D6AE71835}.Release|iPhoneSimulator.Build.0 = Release|Any CPU
		{6545C28D-5B25-4C72-8E17-929D6AE71835}.Debug|iPhone.ActiveCfg = Debug|Any CPU
		{6545C28D-5B25-4C72-8E17-929D6AE71835}.Debug|iPhone.Build.0 = Debug|Any CPU
		{6545C28D-5B25-4C72-8E17-929D6AE71835}.Release|iPhone.ActiveCfg = Release|Any CPU
		{6545C28D-5B25-4C72-8E17-929D6AE71835}.Release|iPhone.Build.0 = Release|Any CPU
		{F8C6B1F8-7C99-471F-9C65-A3C467AED179}.Debug|Any CPU.ActiveCfg = Debug|Any CPU
		{F8C6B1F8-7C99-471F-9C65-A3C467AED179}.Debug|Any CPU.Build.0 = Debug|Any CPU
		{F8C6B1F8-7C99-471F-9C65-A3C467AED179}.Release|Any CPU.ActiveCfg = Release|Any CPU
		{F8C6B1F8-7C99-471F-9C65-A3C467AED179}.Release|Any CPU.Build.0 = Release|Any CPU
		{F8C6B1F8-7C99-471F-9C65-A3C467AED179}.Debug|iPhoneSimulator.ActiveCfg = Debug|Any CPU
		{F8C6B1F8-7C99-471F-9C65-A3C467AED179}.Debug|iPhoneSimulator.Build.0 = Debug|Any CPU
		{F8C6B1F8-7C99-471F-9C65-A3C467AED179}.Release|iPhoneSimulator.ActiveCfg = Release|Any CPU
		{F8C6B1F8-7C99-471F-9C65-A3C467AED179}.Release|iPhoneSimulator.Build.0 = Release|Any CPU
		{F8C6B1F8-7C99-471F-9C65-A3C467AED179}.Debug|iPhone.ActiveCfg = Debug|Any CPU
		{F8C6B1F8-7C99-471F-9C65-A3C467AED179}.Debug|iPhone.Build.0 = Debug|Any CPU
		{F8C6B1F8-7C99-471F-9C65-A3C467AED179}.Release|iPhone.ActiveCfg = Release|Any CPU
		{F8C6B1F8-7C99-471F-9C65-A3C467AED179}.Release|iPhone.Build.0 = Release|Any CPU
		{D48BF60E-9F2D-4224-AE88-DB2C342F2169}.Debug|Any CPU.ActiveCfg = Debug|Any CPU
		{D48BF60E-9F2D-4224-AE88-DB2C342F2169}.Debug|Any CPU.Build.0 = Debug|Any CPU
		{D48BF60E-9F2D-4224-AE88-DB2C342F2169}.Release|Any CPU.ActiveCfg = Release|Any CPU
		{D48BF60E-9F2D-4224-AE88-DB2C342F2169}.Release|Any CPU.Build.0 = Release|Any CPU
		{D48BF60E-9F2D-4224-AE88-DB2C342F2169}.Debug|iPhoneSimulator.ActiveCfg = Debug|Any CPU
		{D48BF60E-9F2D-4224-AE88-DB2C342F2169}.Debug|iPhoneSimulator.Build.0 = Debug|Any CPU
		{D48BF60E-9F2D-4224-AE88-DB2C342F2169}.Release|iPhoneSimulator.ActiveCfg = Release|Any CPU
		{D48BF60E-9F2D-4224-AE88-DB2C342F2169}.Release|iPhoneSimulator.Build.0 = Release|Any CPU
		{D48BF60E-9F2D-4224-AE88-DB2C342F2169}.Debug|iPhone.ActiveCfg = Debug|Any CPU
		{D48BF60E-9F2D-4224-AE88-DB2C342F2169}.Debug|iPhone.Build.0 = Debug|Any CPU
		{D48BF60E-9F2D-4224-AE88-DB2C342F2169}.Release|iPhone.ActiveCfg = Release|Any CPU
		{D48BF60E-9F2D-4224-AE88-DB2C342F2169}.Release|iPhone.Build.0 = Release|Any CPU
		{F700359B-D75E-4145-9AA1-1C2599DCFADD}.Debug|Any CPU.ActiveCfg = Debug|Any CPU
		{F700359B-D75E-4145-9AA1-1C2599DCFADD}.Debug|Any CPU.Build.0 = Debug|Any CPU
		{F700359B-D75E-4145-9AA1-1C2599DCFADD}.Release|Any CPU.ActiveCfg = Release|Any CPU
		{F700359B-D75E-4145-9AA1-1C2599DCFADD}.Release|Any CPU.Build.0 = Release|Any CPU
		{F700359B-D75E-4145-9AA1-1C2599DCFADD}.Debug|iPhoneSimulator.ActiveCfg = Debug|Any CPU
		{F700359B-D75E-4145-9AA1-1C2599DCFADD}.Debug|iPhoneSimulator.Build.0 = Debug|Any CPU
		{F700359B-D75E-4145-9AA1-1C2599DCFADD}.Release|iPhoneSimulator.ActiveCfg = Release|Any CPU
		{F700359B-D75E-4145-9AA1-1C2599DCFADD}.Release|iPhoneSimulator.Build.0 = Release|Any CPU
		{F700359B-D75E-4145-9AA1-1C2599DCFADD}.Debug|iPhone.ActiveCfg = Debug|Any CPU
		{F700359B-D75E-4145-9AA1-1C2599DCFADD}.Debug|iPhone.Build.0 = Debug|Any CPU
		{F700359B-D75E-4145-9AA1-1C2599DCFADD}.Release|iPhone.ActiveCfg = Release|Any CPU
		{F700359B-D75E-4145-9AA1-1C2599DCFADD}.Release|iPhone.Build.0 = Release|Any CPU
		{B063A0E4-D130-4288-A9D5-48CE704DA9A6}.Debug|Any CPU.ActiveCfg = Debug|Any CPU
		{B063A0E4-D130-4288-A9D5-48CE704DA9A6}.Debug|Any CPU.Build.0 = Debug|Any CPU
		{B063A0E4-D130-4288-A9D5-48CE704DA9A6}.Release|Any CPU.ActiveCfg = Release|Any CPU
		{B063A0E4-D130-4288-A9D5-48CE704DA9A6}.Release|Any CPU.Build.0 = Release|Any CPU
		{B063A0E4-D130-4288-A9D5-48CE704DA9A6}.Debug|iPhoneSimulator.ActiveCfg = Debug|Any CPU
		{B063A0E4-D130-4288-A9D5-48CE704DA9A6}.Debug|iPhoneSimulator.Build.0 = Debug|Any CPU
		{B063A0E4-D130-4288-A9D5-48CE704DA9A6}.Release|iPhoneSimulator.ActiveCfg = Release|Any CPU
		{B063A0E4-D130-4288-A9D5-48CE704DA9A6}.Release|iPhoneSimulator.Build.0 = Release|Any CPU
		{B063A0E4-D130-4288-A9D5-48CE704DA9A6}.Debug|iPhone.ActiveCfg = Debug|Any CPU
		{B063A0E4-D130-4288-A9D5-48CE704DA9A6}.Debug|iPhone.Build.0 = Debug|Any CPU
		{B063A0E4-D130-4288-A9D5-48CE704DA9A6}.Release|iPhone.ActiveCfg = Release|Any CPU
		{B063A0E4-D130-4288-A9D5-48CE704DA9A6}.Release|iPhone.Build.0 = Release|Any CPU
		{C1ECA065-9D5C-4833-B71E-6675697FB9A6}.Debug|Any CPU.ActiveCfg = Debug|Any CPU
		{C1ECA065-9D5C-4833-B71E-6675697FB9A6}.Debug|Any CPU.Build.0 = Debug|Any CPU
		{C1ECA065-9D5C-4833-B71E-6675697FB9A6}.Release|Any CPU.ActiveCfg = Release|Any CPU
		{C1ECA065-9D5C-4833-B71E-6675697FB9A6}.Release|Any CPU.Build.0 = Release|Any CPU
		{C1ECA065-9D5C-4833-B71E-6675697FB9A6}.Debug|iPhoneSimulator.ActiveCfg = Debug|Any CPU
		{C1ECA065-9D5C-4833-B71E-6675697FB9A6}.Debug|iPhoneSimulator.Build.0 = Debug|Any CPU
		{C1ECA065-9D5C-4833-B71E-6675697FB9A6}.Release|iPhoneSimulator.ActiveCfg = Release|Any CPU
		{C1ECA065-9D5C-4833-B71E-6675697FB9A6}.Release|iPhoneSimulator.Build.0 = Release|Any CPU
		{C1ECA065-9D5C-4833-B71E-6675697FB9A6}.Debug|iPhone.ActiveCfg = Debug|Any CPU
		{C1ECA065-9D5C-4833-B71E-6675697FB9A6}.Debug|iPhone.Build.0 = Debug|Any CPU
		{C1ECA065-9D5C-4833-B71E-6675697FB9A6}.Release|iPhone.ActiveCfg = Release|Any CPU
		{C1ECA065-9D5C-4833-B71E-6675697FB9A6}.Release|iPhone.Build.0 = Release|Any CPU
		{A7085E73-BF79-4E5E-9936-BF86F98D81AA}.Debug|Any CPU.ActiveCfg = Debug|Any CPU
		{A7085E73-BF79-4E5E-9936-BF86F98D81AA}.Debug|Any CPU.Build.0 = Debug|Any CPU
		{A7085E73-BF79-4E5E-9936-BF86F98D81AA}.Release|Any CPU.ActiveCfg = Release|Any CPU
		{A7085E73-BF79-4E5E-9936-BF86F98D81AA}.Release|Any CPU.Build.0 = Release|Any CPU
		{A7085E73-BF79-4E5E-9936-BF86F98D81AA}.Debug|iPhoneSimulator.ActiveCfg = Debug|Any CPU
		{A7085E73-BF79-4E5E-9936-BF86F98D81AA}.Debug|iPhoneSimulator.Build.0 = Debug|Any CPU
		{A7085E73-BF79-4E5E-9936-BF86F98D81AA}.Release|iPhoneSimulator.ActiveCfg = Release|Any CPU
		{A7085E73-BF79-4E5E-9936-BF86F98D81AA}.Release|iPhoneSimulator.Build.0 = Release|Any CPU
		{A7085E73-BF79-4E5E-9936-BF86F98D81AA}.Debug|iPhone.ActiveCfg = Debug|Any CPU
		{A7085E73-BF79-4E5E-9936-BF86F98D81AA}.Debug|iPhone.Build.0 = Debug|Any CPU
		{A7085E73-BF79-4E5E-9936-BF86F98D81AA}.Release|iPhone.ActiveCfg = Release|Any CPU
		{A7085E73-BF79-4E5E-9936-BF86F98D81AA}.Release|iPhone.Build.0 = Release|Any CPU
		{24614377-72B0-4CED-9DA5-2E0A004278F0}.Debug|Any CPU.ActiveCfg = Debug|Any CPU
		{24614377-72B0-4CED-9DA5-2E0A004278F0}.Debug|Any CPU.Build.0 = Debug|Any CPU
		{24614377-72B0-4CED-9DA5-2E0A004278F0}.Release|Any CPU.ActiveCfg = Release|Any CPU
		{24614377-72B0-4CED-9DA5-2E0A004278F0}.Release|Any CPU.Build.0 = Release|Any CPU
		{24614377-72B0-4CED-9DA5-2E0A004278F0}.Debug|iPhoneSimulator.ActiveCfg = Debug|Any CPU
		{24614377-72B0-4CED-9DA5-2E0A004278F0}.Debug|iPhoneSimulator.Build.0 = Debug|Any CPU
		{24614377-72B0-4CED-9DA5-2E0A004278F0}.Release|iPhoneSimulator.ActiveCfg = Release|Any CPU
		{24614377-72B0-4CED-9DA5-2E0A004278F0}.Release|iPhoneSimulator.Build.0 = Release|Any CPU
		{24614377-72B0-4CED-9DA5-2E0A004278F0}.Debug|iPhone.ActiveCfg = Debug|Any CPU
		{24614377-72B0-4CED-9DA5-2E0A004278F0}.Debug|iPhone.Build.0 = Debug|Any CPU
		{24614377-72B0-4CED-9DA5-2E0A004278F0}.Release|iPhone.ActiveCfg = Release|Any CPU
		{24614377-72B0-4CED-9DA5-2E0A004278F0}.Release|iPhone.Build.0 = Release|Any CPU
		{6861997B-F15B-4B3F-9A7C-0E12293DDB36}.Debug|Any CPU.ActiveCfg = Debug|Any CPU
		{6861997B-F15B-4B3F-9A7C-0E12293DDB36}.Debug|Any CPU.Build.0 = Debug|Any CPU
		{6861997B-F15B-4B3F-9A7C-0E12293DDB36}.Release|Any CPU.ActiveCfg = Release|Any CPU
		{6861997B-F15B-4B3F-9A7C-0E12293DDB36}.Release|Any CPU.Build.0 = Release|Any CPU
		{6861997B-F15B-4B3F-9A7C-0E12293DDB36}.Debug|iPhoneSimulator.ActiveCfg = Debug|Any CPU
		{6861997B-F15B-4B3F-9A7C-0E12293DDB36}.Debug|iPhoneSimulator.Build.0 = Debug|Any CPU
		{6861997B-F15B-4B3F-9A7C-0E12293DDB36}.Release|iPhoneSimulator.ActiveCfg = Release|Any CPU
		{6861997B-F15B-4B3F-9A7C-0E12293DDB36}.Release|iPhoneSimulator.Build.0 = Release|Any CPU
		{6861997B-F15B-4B3F-9A7C-0E12293DDB36}.Debug|iPhone.ActiveCfg = Debug|Any CPU
		{6861997B-F15B-4B3F-9A7C-0E12293DDB36}.Debug|iPhone.Build.0 = Debug|Any CPU
		{6861997B-F15B-4B3F-9A7C-0E12293DDB36}.Release|iPhone.ActiveCfg = Release|Any CPU
		{6861997B-F15B-4B3F-9A7C-0E12293DDB36}.Release|iPhone.Build.0 = Release|Any CPU
		{CB936D6E-F96A-46C7-9DCE-C55290969266}.Debug|Any CPU.ActiveCfg = Debug|Any CPU
		{CB936D6E-F96A-46C7-9DCE-C55290969266}.Debug|Any CPU.Build.0 = Debug|Any CPU
		{CB936D6E-F96A-46C7-9DCE-C55290969266}.Release|Any CPU.ActiveCfg = Release|Any CPU
		{CB936D6E-F96A-46C7-9DCE-C55290969266}.Release|Any CPU.Build.0 = Release|Any CPU
		{CB936D6E-F96A-46C7-9DCE-C55290969266}.Debug|iPhoneSimulator.ActiveCfg = Debug|Any CPU
		{CB936D6E-F96A-46C7-9DCE-C55290969266}.Debug|iPhoneSimulator.Build.0 = Debug|Any CPU
		{CB936D6E-F96A-46C7-9DCE-C55290969266}.Release|iPhoneSimulator.ActiveCfg = Release|Any CPU
		{CB936D6E-F96A-46C7-9DCE-C55290969266}.Release|iPhoneSimulator.Build.0 = Release|Any CPU
		{CB936D6E-F96A-46C7-9DCE-C55290969266}.Debug|iPhone.ActiveCfg = Debug|Any CPU
		{CB936D6E-F96A-46C7-9DCE-C55290969266}.Debug|iPhone.Build.0 = Debug|Any CPU
		{CB936D6E-F96A-46C7-9DCE-C55290969266}.Release|iPhone.ActiveCfg = Release|Any CPU
		{CB936D6E-F96A-46C7-9DCE-C55290969266}.Release|iPhone.Build.0 = Release|Any CPU
	EndGlobalSection
	GlobalSection(SolutionProperties) = preSolution
		HideSolutionNode = FALSE
	EndGlobalSection
	GlobalSection(ExtensibilityGlobals) = postSolution
		SolutionGuid = {1B02F7C0-8D70-43F5-A6E3-0BD375075B47}
	EndGlobalSection
	GlobalSection(NestedProjects) = preSolution
		{C1168782-74B5-4D9B-9B4D-3C4AD39C4099} = {027C4270-0F91-48FD-BC07-141E6631A743}
		{80F67106-D57C-4D32-B904-9D2F13450F68} = {027C4270-0F91-48FD-BC07-141E6631A743}
		{3593B5BF-9F6E-4EFD-8BCC-5356BCE209A9} = {027C4270-0F91-48FD-BC07-141E6631A743}
		{6545C28D-5B25-4C72-8E17-929D6AE71835} = {027C4270-0F91-48FD-BC07-141E6631A743}
		{D48BF60E-9F2D-4224-AE88-DB2C342F2169} = {027C4270-0F91-48FD-BC07-141E6631A743}
		{027C4270-0F91-48FD-BC07-141E6631A743} = {FAE22AD1-BBB8-4890-90FF-1C1BDD23BC92}
		{D311A494-F342-4B0A-8A9F-045AD1D91C9E} = {FAE22AD1-BBB8-4890-90FF-1C1BDD23BC92}
		{450746A8-E3B5-43CD-A579-94DF990BA5DC} = {FAE22AD1-BBB8-4890-90FF-1C1BDD23BC92}
		{C1ECA065-9D5C-4833-B71E-6675697FB9A6} = {D311A494-F342-4B0A-8A9F-045AD1D91C9E}
		{A7085E73-BF79-4E5E-9936-BF86F98D81AA} = {450746A8-E3B5-43CD-A579-94DF990BA5DC}
		{93DA493D-F970-45DE-9862-0181F8C397ED} = {8E7291B9-A6C0-4CC8-924A-950BB1F743EA}
		{50C69646-338A-4998-8AE6-4BCC0397DE46} = {93DA493D-F970-45DE-9862-0181F8C397ED}
		{E99CE036-FA20-46D1-9741-E64C636BDE01} = {93DA493D-F970-45DE-9862-0181F8C397ED}
		{F8C6B1F8-7C99-471F-9C65-A3C467AED179} = {93DA493D-F970-45DE-9862-0181F8C397ED}
		{F700359B-D75E-4145-9AA1-1C2599DCFADD} = {93DA493D-F970-45DE-9862-0181F8C397ED}
		{B063A0E4-D130-4288-A9D5-48CE704DA9A6} = {93DA493D-F970-45DE-9862-0181F8C397ED}
		{F8C3E383-C583-40DB-9BAA-D817746BEAC4} = {8E7291B9-A6C0-4CC8-924A-950BB1F743EA}
		{24614377-72B0-4CED-9DA5-2E0A004278F0} = {F8C3E383-C583-40DB-9BAA-D817746BEAC4}
		{6861997B-F15B-4B3F-9A7C-0E12293DDB36} = {450746A8-E3B5-43CD-A579-94DF990BA5DC}
		{CB936D6E-F96A-46C7-9DCE-C55290969266} = {450746A8-E3B5-43CD-A579-94DF990BA5DC}
	EndGlobalSection
EndGlobal
